// !$*UTF8*$!
{
	archiveVersion = 1;
	classes = {
	};
	objectVersion = 56;
	objects = {

/* Begin PBXBuildFile section */
		4F1467FD2A05FB2D000D0E68 /* MyWorldApp.swift in Sources */ = {isa = PBXBuildFile; fileRef = 4F1467FC2A05FB2D000D0E68 /* MyWorldApp.swift */; };
		4F1467FF2A05FB2D000D0E68 /* ContentView.swift in Sources */ = {isa = PBXBuildFile; fileRef = 4F1467FE2A05FB2D000D0E68 /* ContentView.swift */; };
		4F1468012A05FB30000D0E68 /* Assets.xcassets in Resources */ = {isa = PBXBuildFile; fileRef = 4F1468002A05FB30000D0E68 /* Assets.xcassets */; };
		4F1468042A05FB30000D0E68 /* Preview Assets.xcassets in Resources */ = {isa = PBXBuildFile; fileRef = 4F1468032A05FB30000D0E68 /* Preview Assets.xcassets */; };
		4F1468062A05FB30000D0E68 /* Persistence.swift in Sources */ = {isa = PBXBuildFile; fileRef = 4F1468052A05FB30000D0E68 /* Persistence.swift */; };
		4F1468092A05FB30000D0E68 /* MyWorld.xcdatamodeld in Sources */ = {isa = PBXBuildFile; fileRef = 4F1468072A05FB30000D0E68 /* MyWorld.xcdatamodeld */; };
		4F1468192A06001F000D0E68 /* AuthView.swift in Sources */ = {isa = PBXBuildFile; fileRef = 4F1468182A06001F000D0E68 /* AuthView.swift */; };
		4F14681B2A060260000D0E68 /* MainView.swift in Sources */ = {isa = PBXBuildFile; fileRef = 4F14681A2A060260000D0E68 /* MainView.swift */; };
		4F14681D2A060494000D0E68 /* GoogleService-Info.plist in Resources */ = {isa = PBXBuildFile; fileRef = 4F14681C2A060494000D0E68 /* GoogleService-Info.plist */; };
		4F2CF4A02A060B9100076310 /* FirebaseAnalytics in Frameworks */ = {isa = PBXBuildFile; productRef = 4F2CF49F2A060B9100076310 /* FirebaseAnalytics */; };
		4F2CF4A22A060B9100076310 /* FirebaseAnalyticsSwift in Frameworks */ = {isa = PBXBuildFile; productRef = 4F2CF4A12A060B9100076310 /* FirebaseAnalyticsSwift */; };
		4F2CF4A42A060B9100076310 /* FirebaseAppCheck in Frameworks */ = {isa = PBXBuildFile; productRef = 4F2CF4A32A060B9100076310 /* FirebaseAppCheck */; };
		4F2CF4A62A060B9100076310 /* FirebaseAppDistribution-Beta in Frameworks */ = {isa = PBXBuildFile; productRef = 4F2CF4A52A060B9100076310 /* FirebaseAppDistribution-Beta */; };
		4F2CF4A82A060B9100076310 /* FirebaseAuth in Frameworks */ = {isa = PBXBuildFile; productRef = 4F2CF4A72A060B9100076310 /* FirebaseAuth */; };
		4F2CF4AA2A060B9100076310 /* FirebaseAuthCombine-Community in Frameworks */ = {isa = PBXBuildFile; productRef = 4F2CF4A92A060B9100076310 /* FirebaseAuthCombine-Community */; };
		4F2CF4AC2A060B9100076310 /* FirebaseCrashlytics in Frameworks */ = {isa = PBXBuildFile; productRef = 4F2CF4AB2A060B9100076310 /* FirebaseCrashlytics */; };
		4F2CF4AE2A060B9100076310 /* FirebaseDatabase in Frameworks */ = {isa = PBXBuildFile; productRef = 4F2CF4AD2A060B9100076310 /* FirebaseDatabase */; };
		4F2CF4B02A060B9100076310 /* FirebaseDatabaseSwift in Frameworks */ = {isa = PBXBuildFile; productRef = 4F2CF4AF2A060B9100076310 /* FirebaseDatabaseSwift */; };
		4F2CF4B22A060B9100076310 /* FirebaseFirestore in Frameworks */ = {isa = PBXBuildFile; productRef = 4F2CF4B12A060B9100076310 /* FirebaseFirestore */; };
		4F2CF4B42A060B9100076310 /* FirebaseFirestoreCombine-Community in Frameworks */ = {isa = PBXBuildFile; productRef = 4F2CF4B32A060B9100076310 /* FirebaseFirestoreCombine-Community */; };
		4F2CF4B62A060B9100076310 /* FirebaseFirestoreSwift in Frameworks */ = {isa = PBXBuildFile; productRef = 4F2CF4B52A060B9100076310 /* FirebaseFirestoreSwift */; };
		4F2CF4B82A060B9100076310 /* FirebaseFunctions in Frameworks */ = {isa = PBXBuildFile; productRef = 4F2CF4B72A060B9100076310 /* FirebaseFunctions */; };
		4F2CF4BA2A060B9100076310 /* FirebaseFunctionsCombine-Community in Frameworks */ = {isa = PBXBuildFile; productRef = 4F2CF4B92A060B9100076310 /* FirebaseFunctionsCombine-Community */; };
		4F2CF4BC2A060B9100076310 /* FirebaseInstallations in Frameworks */ = {isa = PBXBuildFile; productRef = 4F2CF4BB2A060B9100076310 /* FirebaseInstallations */; };
		4F2CF4BE2A060B9100076310 /* FirebaseMLModelDownloader in Frameworks */ = {isa = PBXBuildFile; productRef = 4F2CF4BD2A060B9100076310 /* FirebaseMLModelDownloader */; };
		4F2CF4C02A060B9100076310 /* FirebaseMessaging in Frameworks */ = {isa = PBXBuildFile; productRef = 4F2CF4BF2A060B9100076310 /* FirebaseMessaging */; };
		4F2CF4C22A060B9100076310 /* FirebasePerformance in Frameworks */ = {isa = PBXBuildFile; productRef = 4F2CF4C12A060B9100076310 /* FirebasePerformance */; };
		4F2CF4C42A060B9100076310 /* FirebaseRemoteConfig in Frameworks */ = {isa = PBXBuildFile; productRef = 4F2CF4C32A060B9100076310 /* FirebaseRemoteConfig */; };
		4F2CF4C62A060B9100076310 /* FirebaseRemoteConfigSwift in Frameworks */ = {isa = PBXBuildFile; productRef = 4F2CF4C52A060B9100076310 /* FirebaseRemoteConfigSwift */; };
		4F2CF4C82A060B9100076310 /* FirebaseStorage in Frameworks */ = {isa = PBXBuildFile; productRef = 4F2CF4C72A060B9100076310 /* FirebaseStorage */; };
		4F2CF4CA2A060B9100076310 /* FirebaseStorageCombine-Community in Frameworks */ = {isa = PBXBuildFile; productRef = 4F2CF4C92A060B9100076310 /* FirebaseStorageCombine-Community */; };
		4F2CF4CD2A060C9400076310 /* UserModel.swift in Sources */ = {isa = PBXBuildFile; fileRef = 4F2CF4CC2A060C9400076310 /* UserModel.swift */; };
		4F2CF4CF2A060D0900076310 /* FireBaseModel.swift in Sources */ = {isa = PBXBuildFile; fileRef = 4F2CF4CE2A060D0900076310 /* FireBaseModel.swift */; };
		4F2CF4D22A060D9B00076310 /* AuthViewModel.swift in Sources */ = {isa = PBXBuildFile; fileRef = 4F2CF4D12A060D9B00076310 /* AuthViewModel.swift */; };
		4F2CF4D52A060DDF00076310 /* GoogleSignIn in Frameworks */ = {isa = PBXBuildFile; productRef = 4F2CF4D42A060DDF00076310 /* GoogleSignIn */; };
		4F2CF4D72A060DDF00076310 /* GoogleSignInSwift in Frameworks */ = {isa = PBXBuildFile; productRef = 4F2CF4D62A060DDF00076310 /* GoogleSignInSwift */; };
		4F2CF4DA2A060EC000076310 /* ApplicationUtility.swift in Sources */ = {isa = PBXBuildFile; fileRef = 4F2CF4D92A060EC000076310 /* ApplicationUtility.swift */; };
/* End PBXBuildFile section */

/* Begin PBXFileReference section */
		4F1467F92A05FB2D000D0E68 /* MyWorld.app */ = {isa = PBXFileReference; explicitFileType = wrapper.application; includeInIndex = 0; path = MyWorld.app; sourceTree = BUILT_PRODUCTS_DIR; };
		4F1467FC2A05FB2D000D0E68 /* MyWorldApp.swift */ = {isa = PBXFileReference; lastKnownFileType = sourcecode.swift; path = MyWorldApp.swift; sourceTree = "<group>"; };
		4F1467FE2A05FB2D000D0E68 /* ContentView.swift */ = {isa = PBXFileReference; lastKnownFileType = sourcecode.swift; path = ContentView.swift; sourceTree = "<group>"; };
		4F1468002A05FB30000D0E68 /* Assets.xcassets */ = {isa = PBXFileReference; lastKnownFileType = folder.assetcatalog; path = Assets.xcassets; sourceTree = "<group>"; };
		4F1468032A05FB30000D0E68 /* Preview Assets.xcassets */ = {isa = PBXFileReference; lastKnownFileType = folder.assetcatalog; path = "Preview Assets.xcassets"; sourceTree = "<group>"; };
		4F1468052A05FB30000D0E68 /* Persistence.swift */ = {isa = PBXFileReference; lastKnownFileType = sourcecode.swift; path = Persistence.swift; sourceTree = "<group>"; };
		4F1468082A05FB30000D0E68 /* MyWorld.xcdatamodel */ = {isa = PBXFileReference; lastKnownFileType = wrapper.xcdatamodel; path = MyWorld.xcdatamodel; sourceTree = "<group>"; };
		4F1468182A06001F000D0E68 /* AuthView.swift */ = {isa = PBXFileReference; lastKnownFileType = sourcecode.swift; path = AuthView.swift; sourceTree = "<group>"; };
		4F14681A2A060260000D0E68 /* MainView.swift */ = {isa = PBXFileReference; lastKnownFileType = sourcecode.swift; path = MainView.swift; sourceTree = "<group>"; };
		4F14681C2A060494000D0E68 /* GoogleService-Info.plist */ = {isa = PBXFileReference; fileEncoding = 4; lastKnownFileType = text.plist.xml; path = "GoogleService-Info.plist"; sourceTree = "<group>"; };
		4F14681E2A0604C6000D0E68 /* Info.plist */ = {isa = PBXFileReference; lastKnownFileType = text.plist; path = Info.plist; sourceTree = "<group>"; };
		4F2CF4CC2A060C9400076310 /* UserModel.swift */ = {isa = PBXFileReference; lastKnownFileType = sourcecode.swift; path = UserModel.swift; sourceTree = "<group>"; };
		4F2CF4CE2A060D0900076310 /* FireBaseModel.swift */ = {isa = PBXFileReference; lastKnownFileType = sourcecode.swift; path = FireBaseModel.swift; sourceTree = "<group>"; };
		4F2CF4D12A060D9B00076310 /* AuthViewModel.swift */ = {isa = PBXFileReference; lastKnownFileType = sourcecode.swift; path = AuthViewModel.swift; sourceTree = "<group>"; };
		4F2CF4D92A060EC000076310 /* ApplicationUtility.swift */ = {isa = PBXFileReference; lastKnownFileType = sourcecode.swift; path = ApplicationUtility.swift; sourceTree = "<group>"; };
/* End PBXFileReference section */

/* Begin PBXFrameworksBuildPhase section */
		4F1467F62A05FB2D000D0E68 /* Frameworks */ = {
			isa = PBXFrameworksBuildPhase;
			buildActionMask = 2147483647;
			files = (
				4F2CF4CA2A060B9100076310 /* FirebaseStorageCombine-Community in Frameworks */,
				4F2CF4A22A060B9100076310 /* FirebaseAnalyticsSwift in Frameworks */,
				4F2CF4AA2A060B9100076310 /* FirebaseAuthCombine-Community in Frameworks */,
				4F2CF4D72A060DDF00076310 /* GoogleSignInSwift in Frameworks */,
				4F2CF4C22A060B9100076310 /* FirebasePerformance in Frameworks */,
				4F2CF4A82A060B9100076310 /* FirebaseAuth in Frameworks */,
				4F2CF4BE2A060B9100076310 /* FirebaseMLModelDownloader in Frameworks */,
				4F2CF4B22A060B9100076310 /* FirebaseFirestore in Frameworks */,
				4F2CF4B02A060B9100076310 /* FirebaseDatabaseSwift in Frameworks */,
				4F2CF4B42A060B9100076310 /* FirebaseFirestoreCombine-Community in Frameworks */,
				4F2CF4AC2A060B9100076310 /* FirebaseCrashlytics in Frameworks */,
				4F2CF4BA2A060B9100076310 /* FirebaseFunctionsCombine-Community in Frameworks */,
				4F2CF4C42A060B9100076310 /* FirebaseRemoteConfig in Frameworks */,
				4F2CF4C82A060B9100076310 /* FirebaseStorage in Frameworks */,
				4F2CF4C02A060B9100076310 /* FirebaseMessaging in Frameworks */,
				4F2CF4A42A060B9100076310 /* FirebaseAppCheck in Frameworks */,
				4F2CF4BC2A060B9100076310 /* FirebaseInstallations in Frameworks */,
				4F2CF4A02A060B9100076310 /* FirebaseAnalytics in Frameworks */,
				4F2CF4D52A060DDF00076310 /* GoogleSignIn in Frameworks */,
				4F2CF4B82A060B9100076310 /* FirebaseFunctions in Frameworks */,
				4F2CF4AE2A060B9100076310 /* FirebaseDatabase in Frameworks */,
				4F2CF4C62A060B9100076310 /* FirebaseRemoteConfigSwift in Frameworks */,
				4F2CF4A62A060B9100076310 /* FirebaseAppDistribution-Beta in Frameworks */,
				4F2CF4B62A060B9100076310 /* FirebaseFirestoreSwift in Frameworks */,
			);
			runOnlyForDeploymentPostprocessing = 0;
		};
/* End PBXFrameworksBuildPhase section */

/* Begin PBXGroup section */
		4F1467F02A05FB2D000D0E68 = {
			isa = PBXGroup;
			children = (
				4F1467FB2A05FB2D000D0E68 /* MyWorld */,
				4F1467FA2A05FB2D000D0E68 /* Products */,
			);
			sourceTree = "<group>";
		};
		4F1467FA2A05FB2D000D0E68 /* Products */ = {
			isa = PBXGroup;
			children = (
				4F1467F92A05FB2D000D0E68 /* MyWorld.app */,
			);
			name = Products;
			sourceTree = "<group>";
		};
		4F1467FB2A05FB2D000D0E68 /* MyWorld */ = {
			isa = PBXGroup;
			children = (
				4F2CF4D82A060EB000076310 /* Utility */,
				4F14681E2A0604C6000D0E68 /* Info.plist */,
				4F1468162A05FF60000D0E68 /* Resources */,
				4F1468132A05FED1000D0E68 /* Themes */,
				4F1468122A05FEBA000D0E68 /* Config */,
				4F1468112A05FEA6000D0E68 /* Extentions */,
				4F1468102A05FE97000D0E68 /* Support */,
				4F14680F2A05FE4C000D0E68 /* Apps */,
				4F1467FC2A05FB2D000D0E68 /* MyWorldApp.swift */,
				4F1467FE2A05FB2D000D0E68 /* ContentView.swift */,
				4F1468052A05FB30000D0E68 /* Persistence.swift */,
				4F1468072A05FB30000D0E68 /* MyWorld.xcdatamodeld */,
				4F1468022A05FB30000D0E68 /* Preview Content */,
			);
			path = MyWorld;
			sourceTree = "<group>";
		};
		4F1468022A05FB30000D0E68 /* Preview Content */ = {
			isa = PBXGroup;
			children = (
				4F1468032A05FB30000D0E68 /* Preview Assets.xcassets */,
			);
			path = "Preview Content";
			sourceTree = "<group>";
		};
		4F14680F2A05FE4C000D0E68 /* Apps */ = {
			isa = PBXGroup;
			children = (
				4F1468152A05FEF3000D0E68 /* MainPage */,
				4F1468142A05FEEA000D0E68 /* AuthPage */,
			);
			name = Apps;
			sourceTree = "<group>";
		};
		4F1468102A05FE97000D0E68 /* Support */ = {
			isa = PBXGroup;
			children = (
			);
			name = Support;
			sourceTree = "<group>";
		};
		4F1468112A05FEA6000D0E68 /* Extentions */ = {
			isa = PBXGroup;
			children = (
			);
			path = Extentions;
			sourceTree = "<group>";
		};
		4F1468122A05FEBA000D0E68 /* Config */ = {
			isa = PBXGroup;
			children = (
			);
			name = Config;
			sourceTree = "<group>";
		};
		4F1468132A05FED1000D0E68 /* Themes */ = {
			isa = PBXGroup;
			children = (
			);
			path = Themes;
			sourceTree = "<group>";
		};
		4F1468142A05FEEA000D0E68 /* AuthPage */ = {
			isa = PBXGroup;
			children = (
				4F2CF4D02A060D7E00076310 /* ViewModel */,
				4F2CF4CB2A060C7A00076310 /* Models */,
				4F1468172A05FFEA000D0E68 /* Login */,
				4F1468182A06001F000D0E68 /* AuthView.swift */,
			);
			path = AuthPage;
			sourceTree = "<group>";
		};
		4F1468152A05FEF3000D0E68 /* MainPage */ = {
			isa = PBXGroup;
			children = (
				4F14681A2A060260000D0E68 /* MainView.swift */,
			);
			name = MainPage;
			sourceTree = "<group>";
		};
		4F1468162A05FF60000D0E68 /* Resources */ = {
			isa = PBXGroup;
			children = (
				4F1468002A05FB30000D0E68 /* Assets.xcassets */,
				4F14681C2A060494000D0E68 /* GoogleService-Info.plist */,
			);
			name = Resources;
			sourceTree = "<group>";
		};
		4F1468172A05FFEA000D0E68 /* Login */ = {
			isa = PBXGroup;
			children = (
			);
			name = Login;
			sourceTree = "<group>";
		};
		4F2CF4CB2A060C7A00076310 /* Models */ = {
			isa = PBXGroup;
			children = (
				4F2CF4CC2A060C9400076310 /* UserModel.swift */,
				4F2CF4CE2A060D0900076310 /* FireBaseModel.swift */,
			);
			path = Models;
			sourceTree = "<group>";
		};
		4F2CF4D02A060D7E00076310 /* ViewModel */ = {
			isa = PBXGroup;
			children = (
				4F2CF4D12A060D9B00076310 /* AuthViewModel.swift */,
			);
			name = ViewModel;
			sourceTree = "<group>";
		};
		4F2CF4D82A060EB000076310 /* Utility */ = {
			isa = PBXGroup;
			children = (
				4F2CF4D92A060EC000076310 /* ApplicationUtility.swift */,
			);
			path = Utility;
			sourceTree = "<group>";
		};
/* End PBXGroup section */

/* Begin PBXNativeTarget section */
		4F1467F82A05FB2D000D0E68 /* MyWorld */ = {
			isa = PBXNativeTarget;
			buildConfigurationList = 4F14680C2A05FB30000D0E68 /* Build configuration list for PBXNativeTarget "MyWorld" */;
			buildPhases = (
				4F1467F52A05FB2D000D0E68 /* Sources */,
				4F1467F62A05FB2D000D0E68 /* Frameworks */,
				4F1467F72A05FB2D000D0E68 /* Resources */,
			);
			buildRules = (
			);
			dependencies = (
			);
			name = MyWorld;
			packageProductDependencies = (
				4F2CF49F2A060B9100076310 /* FirebaseAnalytics */,
				4F2CF4A12A060B9100076310 /* FirebaseAnalyticsSwift */,
				4F2CF4A32A060B9100076310 /* FirebaseAppCheck */,
				4F2CF4A52A060B9100076310 /* FirebaseAppDistribution-Beta */,
				4F2CF4A72A060B9100076310 /* FirebaseAuth */,
				4F2CF4A92A060B9100076310 /* FirebaseAuthCombine-Community */,
				4F2CF4AB2A060B9100076310 /* FirebaseCrashlytics */,
				4F2CF4AD2A060B9100076310 /* FirebaseDatabase */,
				4F2CF4AF2A060B9100076310 /* FirebaseDatabaseSwift */,
				4F2CF4B12A060B9100076310 /* FirebaseFirestore */,
				4F2CF4B32A060B9100076310 /* FirebaseFirestoreCombine-Community */,
				4F2CF4B52A060B9100076310 /* FirebaseFirestoreSwift */,
				4F2CF4B72A060B9100076310 /* FirebaseFunctions */,
				4F2CF4B92A060B9100076310 /* FirebaseFunctionsCombine-Community */,
				4F2CF4BB2A060B9100076310 /* FirebaseInstallations */,
				4F2CF4BD2A060B9100076310 /* FirebaseMLModelDownloader */,
				4F2CF4BF2A060B9100076310 /* FirebaseMessaging */,
				4F2CF4C12A060B9100076310 /* FirebasePerformance */,
				4F2CF4C32A060B9100076310 /* FirebaseRemoteConfig */,
				4F2CF4C52A060B9100076310 /* FirebaseRemoteConfigSwift */,
				4F2CF4C72A060B9100076310 /* FirebaseStorage */,
				4F2CF4C92A060B9100076310 /* FirebaseStorageCombine-Community */,
				4F2CF4D42A060DDF00076310 /* GoogleSignIn */,
				4F2CF4D62A060DDF00076310 /* GoogleSignInSwift */,
			);
			productName = MyWorld;
			productReference = 4F1467F92A05FB2D000D0E68 /* MyWorld.app */;
			productType = "com.apple.product-type.application";
		};
/* End PBXNativeTarget section */

/* Begin PBXProject section */
		4F1467F12A05FB2D000D0E68 /* Project object */ = {
			isa = PBXProject;
			attributes = {
				BuildIndependentTargetsInParallel = 1;
				LastSwiftUpdateCheck = 1420;
				LastUpgradeCheck = 1420;
				TargetAttributes = {
					4F1467F82A05FB2D000D0E68 = {
						CreatedOnToolsVersion = 14.2;
					};
				};
			};
			buildConfigurationList = 4F1467F42A05FB2D000D0E68 /* Build configuration list for PBXProject "MyWorld" */;
			compatibilityVersion = "Xcode 14.0";
			developmentRegion = en;
			hasScannedForEncodings = 0;
			knownRegions = (
				en,
				Base,
			);
			mainGroup = 4F1467F02A05FB2D000D0E68;
			packageReferences = (
				4F2CF49E2A060B9100076310 /* XCRemoteSwiftPackageReference "firebase-ios-sdk" */,
				4F2CF4D32A060DDF00076310 /* XCRemoteSwiftPackageReference "GoogleSignIn-iOS" */,
			);
			productRefGroup = 4F1467FA2A05FB2D000D0E68 /* Products */;
			projectDirPath = "";
			projectRoot = "";
			targets = (
				4F1467F82A05FB2D000D0E68 /* MyWorld */,
			);
		};
/* End PBXProject section */

/* Begin PBXResourcesBuildPhase section */
		4F1467F72A05FB2D000D0E68 /* Resources */ = {
			isa = PBXResourcesBuildPhase;
			buildActionMask = 2147483647;
			files = (
				4F1468042A05FB30000D0E68 /* Preview Assets.xcassets in Resources */,
				4F14681D2A060494000D0E68 /* GoogleService-Info.plist in Resources */,
				4F1468012A05FB30000D0E68 /* Assets.xcassets in Resources */,
			);
			runOnlyForDeploymentPostprocessing = 0;
		};
/* End PBXResourcesBuildPhase section */

/* Begin PBXSourcesBuildPhase section */
		4F1467F52A05FB2D000D0E68 /* Sources */ = {
			isa = PBXSourcesBuildPhase;
			buildActionMask = 2147483647;
			files = (
				4F2CF4CF2A060D0900076310 /* FireBaseModel.swift in Sources */,
				4F1468062A05FB30000D0E68 /* Persistence.swift in Sources */,
				4F2CF4CD2A060C9400076310 /* UserModel.swift in Sources */,
				4F14681B2A060260000D0E68 /* MainView.swift in Sources */,
				4F1468192A06001F000D0E68 /* AuthView.swift in Sources */,
				4F1467FF2A05FB2D000D0E68 /* ContentView.swift in Sources */,
				4F1468092A05FB30000D0E68 /* MyWorld.xcdatamodeld in Sources */,
				4F2CF4DA2A060EC000076310 /* ApplicationUtility.swift in Sources */,
				4F1467FD2A05FB2D000D0E68 /* MyWorldApp.swift in Sources */,
				4F2CF4D22A060D9B00076310 /* AuthViewModel.swift in Sources */,
			);
			runOnlyForDeploymentPostprocessing = 0;
		};
/* End PBXSourcesBuildPhase section */

/* Begin XCBuildConfiguration section */
		4F14680A2A05FB30000D0E68 /* Debug */ = {
			isa = XCBuildConfiguration;
			buildSettings = {
				ALWAYS_SEARCH_USER_PATHS = NO;
				CLANG_ANALYZER_NONNULL = YES;
				CLANG_ANALYZER_NUMBER_OBJECT_CONVERSION = YES_AGGRESSIVE;
				CLANG_CXX_LANGUAGE_STANDARD = "gnu++20";
				CLANG_ENABLE_MODULES = YES;
				CLANG_ENABLE_OBJC_ARC = YES;
				CLANG_ENABLE_OBJC_WEAK = YES;
				CLANG_WARN_BLOCK_CAPTURE_AUTORELEASING = YES;
				CLANG_WARN_BOOL_CONVERSION = YES;
				CLANG_WARN_COMMA = YES;
				CLANG_WARN_CONSTANT_CONVERSION = YES;
				CLANG_WARN_DEPRECATED_OBJC_IMPLEMENTATIONS = YES;
				CLANG_WARN_DIRECT_OBJC_ISA_USAGE = YES_ERROR;
				CLANG_WARN_DOCUMENTATION_COMMENTS = YES;
				CLANG_WARN_EMPTY_BODY = YES;
				CLANG_WARN_ENUM_CONVERSION = YES;
				CLANG_WARN_INFINITE_RECURSION = YES;
				CLANG_WARN_INT_CONVERSION = YES;
				CLANG_WARN_NON_LITERAL_NULL_CONVERSION = YES;
				CLANG_WARN_OBJC_IMPLICIT_RETAIN_SELF = YES;
				CLANG_WARN_OBJC_LITERAL_CONVERSION = YES;
				CLANG_WARN_OBJC_ROOT_CLASS = YES_ERROR;
				CLANG_WARN_QUOTED_INCLUDE_IN_FRAMEWORK_HEADER = YES;
				CLANG_WARN_RANGE_LOOP_ANALYSIS = YES;
				CLANG_WARN_STRICT_PROTOTYPES = YES;
				CLANG_WARN_SUSPICIOUS_MOVE = YES;
				CLANG_WARN_UNGUARDED_AVAILABILITY = YES_AGGRESSIVE;
				CLANG_WARN_UNREACHABLE_CODE = YES;
				CLANG_WARN__DUPLICATE_METHOD_MATCH = YES;
				COPY_PHASE_STRIP = NO;
				DEBUG_INFORMATION_FORMAT = dwarf;
				ENABLE_STRICT_OBJC_MSGSEND = YES;
				ENABLE_TESTABILITY = YES;
				GCC_C_LANGUAGE_STANDARD = gnu11;
				GCC_DYNAMIC_NO_PIC = NO;
				GCC_NO_COMMON_BLOCKS = YES;
				GCC_OPTIMIZATION_LEVEL = 0;
				GCC_PREPROCESSOR_DEFINITIONS = (
					"DEBUG=1",
					"$(inherited)",
				);
				GCC_WARN_64_TO_32_BIT_CONVERSION = YES;
				GCC_WARN_ABOUT_RETURN_TYPE = YES_ERROR;
				GCC_WARN_UNDECLARED_SELECTOR = YES;
				GCC_WARN_UNINITIALIZED_AUTOS = YES_AGGRESSIVE;
				GCC_WARN_UNUSED_FUNCTION = YES;
				GCC_WARN_UNUSED_VARIABLE = YES;
				IPHONEOS_DEPLOYMENT_TARGET = 16.2;
				MTL_ENABLE_DEBUG_INFO = INCLUDE_SOURCE;
				MTL_FAST_MATH = YES;
				ONLY_ACTIVE_ARCH = YES;
				SDKROOT = iphoneos;
				SWIFT_ACTIVE_COMPILATION_CONDITIONS = DEBUG;
				SWIFT_OPTIMIZATION_LEVEL = "-Onone";
			};
			name = Debug;
		};
		4F14680B2A05FB30000D0E68 /* Release */ = {
			isa = XCBuildConfiguration;
			buildSettings = {
				ALWAYS_SEARCH_USER_PATHS = NO;
				CLANG_ANALYZER_NONNULL = YES;
				CLANG_ANALYZER_NUMBER_OBJECT_CONVERSION = YES_AGGRESSIVE;
				CLANG_CXX_LANGUAGE_STANDARD = "gnu++20";
				CLANG_ENABLE_MODULES = YES;
				CLANG_ENABLE_OBJC_ARC = YES;
				CLANG_ENABLE_OBJC_WEAK = YES;
				CLANG_WARN_BLOCK_CAPTURE_AUTORELEASING = YES;
				CLANG_WARN_BOOL_CONVERSION = YES;
				CLANG_WARN_COMMA = YES;
				CLANG_WARN_CONSTANT_CONVERSION = YES;
				CLANG_WARN_DEPRECATED_OBJC_IMPLEMENTATIONS = YES;
				CLANG_WARN_DIRECT_OBJC_ISA_USAGE = YES_ERROR;
				CLANG_WARN_DOCUMENTATION_COMMENTS = YES;
				CLANG_WARN_EMPTY_BODY = YES;
				CLANG_WARN_ENUM_CONVERSION = YES;
				CLANG_WARN_INFINITE_RECURSION = YES;
				CLANG_WARN_INT_CONVERSION = YES;
				CLANG_WARN_NON_LITERAL_NULL_CONVERSION = YES;
				CLANG_WARN_OBJC_IMPLICIT_RETAIN_SELF = YES;
				CLANG_WARN_OBJC_LITERAL_CONVERSION = YES;
				CLANG_WARN_OBJC_ROOT_CLASS = YES_ERROR;
				CLANG_WARN_QUOTED_INCLUDE_IN_FRAMEWORK_HEADER = YES;
				CLANG_WARN_RANGE_LOOP_ANALYSIS = YES;
				CLANG_WARN_STRICT_PROTOTYPES = YES;
				CLANG_WARN_SUSPICIOUS_MOVE = YES;
				CLANG_WARN_UNGUARDED_AVAILABILITY = YES_AGGRESSIVE;
				CLANG_WARN_UNREACHABLE_CODE = YES;
				CLANG_WARN__DUPLICATE_METHOD_MATCH = YES;
				COPY_PHASE_STRIP = NO;
				DEBUG_INFORMATION_FORMAT = "dwarf-with-dsym";
				ENABLE_NS_ASSERTIONS = NO;
				ENABLE_STRICT_OBJC_MSGSEND = YES;
				GCC_C_LANGUAGE_STANDARD = gnu11;
				GCC_NO_COMMON_BLOCKS = YES;
				GCC_WARN_64_TO_32_BIT_CONVERSION = YES;
				GCC_WARN_ABOUT_RETURN_TYPE = YES_ERROR;
				GCC_WARN_UNDECLARED_SELECTOR = YES;
				GCC_WARN_UNINITIALIZED_AUTOS = YES_AGGRESSIVE;
				GCC_WARN_UNUSED_FUNCTION = YES;
				GCC_WARN_UNUSED_VARIABLE = YES;
				IPHONEOS_DEPLOYMENT_TARGET = 16.2;
				MTL_ENABLE_DEBUG_INFO = NO;
				MTL_FAST_MATH = YES;
				SDKROOT = iphoneos;
				SWIFT_COMPILATION_MODE = wholemodule;
				SWIFT_OPTIMIZATION_LEVEL = "-O";
				VALIDATE_PRODUCT = YES;
			};
			name = Release;
		};
		4F14680D2A05FB30000D0E68 /* Debug */ = {
			isa = XCBuildConfiguration;
			buildSettings = {
				ASSETCATALOG_COMPILER_APPICON_NAME = AppIcon;
				ASSETCATALOG_COMPILER_GLOBAL_ACCENT_COLOR_NAME = AccentColor;
				CODE_SIGN_STYLE = Automatic;
				CURRENT_PROJECT_VERSION = 1;
				DEVELOPMENT_ASSET_PATHS = "\"MyWorld/Preview Content\"";
				DEVELOPMENT_TEAM = 5VU3Y5998Z;
				ENABLE_PREVIEWS = YES;
				GENERATE_INFOPLIST_FILE = YES;
				INFOPLIST_FILE = MyWorld/Info.plist;
				INFOPLIST_KEY_UIApplicationSceneManifest_Generation = YES;
				INFOPLIST_KEY_UIApplicationSupportsIndirectInputEvents = YES;
				INFOPLIST_KEY_UILaunchScreen_Generation = YES;
				INFOPLIST_KEY_UISupportedInterfaceOrientations_iPad = "UIInterfaceOrientationPortrait UIInterfaceOrientationPortraitUpsideDown UIInterfaceOrientationLandscapeLeft UIInterfaceOrientationLandscapeRight";
				INFOPLIST_KEY_UISupportedInterfaceOrientations_iPhone = "UIInterfaceOrientationPortrait UIInterfaceOrientationLandscapeLeft UIInterfaceOrientationLandscapeRight";
				LD_RUNPATH_SEARCH_PATHS = (
					"$(inherited)",
					"@executable_path/Frameworks",
				);
				MARKETING_VERSION = 1.0;
				PRODUCT_BUNDLE_IDENTIFIER = com.CuongDD14.MyWorld;
				PRODUCT_NAME = "$(TARGET_NAME)";
				SWIFT_EMIT_LOC_STRINGS = YES;
				SWIFT_VERSION = 5.0;
				TARGETED_DEVICE_FAMILY = "1,2";
			};
			name = Debug;
		};
		4F14680E2A05FB30000D0E68 /* Release */ = {
			isa = XCBuildConfiguration;
			buildSettings = {
				ASSETCATALOG_COMPILER_APPICON_NAME = AppIcon;
				ASSETCATALOG_COMPILER_GLOBAL_ACCENT_COLOR_NAME = AccentColor;
				CODE_SIGN_STYLE = Automatic;
				CURRENT_PROJECT_VERSION = 1;
				DEVELOPMENT_ASSET_PATHS = "\"MyWorld/Preview Content\"";
				DEVELOPMENT_TEAM = 5VU3Y5998Z;
				ENABLE_PREVIEWS = YES;
				GENERATE_INFOPLIST_FILE = YES;
				INFOPLIST_FILE = MyWorld/Info.plist;
				INFOPLIST_KEY_UIApplicationSceneManifest_Generation = YES;
				INFOPLIST_KEY_UIApplicationSupportsIndirectInputEvents = YES;
				INFOPLIST_KEY_UILaunchScreen_Generation = YES;
				INFOPLIST_KEY_UISupportedInterfaceOrientations_iPad = "UIInterfaceOrientationPortrait UIInterfaceOrientationPortraitUpsideDown UIInterfaceOrientationLandscapeLeft UIInterfaceOrientationLandscapeRight";
				INFOPLIST_KEY_UISupportedInterfaceOrientations_iPhone = "UIInterfaceOrientationPortrait UIInterfaceOrientationLandscapeLeft UIInterfaceOrientationLandscapeRight";
				LD_RUNPATH_SEARCH_PATHS = (
					"$(inherited)",
					"@executable_path/Frameworks",
				);
				MARKETING_VERSION = 1.0;
				PRODUCT_BUNDLE_IDENTIFIER = com.CuongDD14.MyWorld;
				PRODUCT_NAME = "$(TARGET_NAME)";
				SWIFT_EMIT_LOC_STRINGS = YES;
				SWIFT_VERSION = 5.0;
				TARGETED_DEVICE_FAMILY = "1,2";
			};
			name = Release;
		};
/* End XCBuildConfiguration section */

/* Begin XCConfigurationList section */
		4F1467F42A05FB2D000D0E68 /* Build configuration list for PBXProject "MyWorld" */ = {
			isa = XCConfigurationList;
			buildConfigurations = (
				4F14680A2A05FB30000D0E68 /* Debug */,
				4F14680B2A05FB30000D0E68 /* Release */,
			);
			defaultConfigurationIsVisible = 0;
			defaultConfigurationName = Release;
		};
		4F14680C2A05FB30000D0E68 /* Build configuration list for PBXNativeTarget "MyWorld" */ = {
			isa = XCConfigurationList;
			buildConfigurations = (
				4F14680D2A05FB30000D0E68 /* Debug */,
				4F14680E2A05FB30000D0E68 /* Release */,
			);
			defaultConfigurationIsVisible = 0;
			defaultConfigurationName = Release;
		};
/* End XCConfigurationList section */

/* Begin XCRemoteSwiftPackageReference section */
		4F2CF49E2A060B9100076310 /* XCRemoteSwiftPackageReference "firebase-ios-sdk" */ = {
			isa = XCRemoteSwiftPackageReference;
			repositoryURL = "https://github.com/firebase/firebase-ios-sdk";
			requirement = {
				kind = upToNextMajorVersion;
				minimumVersion = 9.0.0;
			};
		};
		4F2CF4D32A060DDF00076310 /* XCRemoteSwiftPackageReference "GoogleSignIn-iOS" */ = {
			isa = XCRemoteSwiftPackageReference;
			repositoryURL = "https://github.com/google/GoogleSignIn-iOS";
			requirement = {
				kind = upToNextMajorVersion;
				minimumVersion = 7.0.0;
			};
		};
/* End XCRemoteSwiftPackageReference section */

/* Begin XCSwiftPackageProductDependency section */
		4F2CF49F2A060B9100076310 /* FirebaseAnalytics */ = {
			isa = XCSwiftPackageProductDependency;
			package = 4F2CF49E2A060B9100076310 /* XCRemoteSwiftPackageReference "firebase-ios-sdk" */;
			productName = FirebaseAnalytics;
		};
		4F2CF4A12A060B9100076310 /* FirebaseAnalyticsSwift */ = {
			isa = XCSwiftPackageProductDependency;
			package = 4F2CF49E2A060B9100076310 /* XCRemoteSwiftPackageReference "firebase-ios-sdk" */;
			productName = FirebaseAnalyticsSwift;
		};
		4F2CF4A32A060B9100076310 /* FirebaseAppCheck */ = {
			isa = XCSwiftPackageProductDependency;
			package = 4F2CF49E2A060B9100076310 /* XCRemoteSwiftPackageReference "firebase-ios-sdk" */;
			productName = FirebaseAppCheck;
		};
		4F2CF4A52A060B9100076310 /* FirebaseAppDistribution-Beta */ = {
			isa = XCSwiftPackageProductDependency;
			package = 4F2CF49E2A060B9100076310 /* XCRemoteSwiftPackageReference "firebase-ios-sdk" */;
			productName = "FirebaseAppDistribution-Beta";
		};
		4F2CF4A72A060B9100076310 /* FirebaseAuth */ = {
			isa = XCSwiftPackageProductDependency;
			package = 4F2CF49E2A060B9100076310 /* XCRemoteSwiftPackageReference "firebase-ios-sdk" */;
			productName = FirebaseAuth;
		};
		4F2CF4A92A060B9100076310 /* FirebaseAuthCombine-Community */ = {
			isa = XCSwiftPackageProductDependency;
			package = 4F2CF49E2A060B9100076310 /* XCRemoteSwiftPackageReference "firebase-ios-sdk" */;
			productName = "FirebaseAuthCombine-Community";
		};
		4F2CF4AB2A060B9100076310 /* FirebaseCrashlytics */ = {
			isa = XCSwiftPackageProductDependency;
			package = 4F2CF49E2A060B9100076310 /* XCRemoteSwiftPackageReference "firebase-ios-sdk" */;
			productName = FirebaseCrashlytics;
		};
		4F2CF4AD2A060B9100076310 /* FirebaseDatabase */ = {
			isa = XCSwiftPackageProductDependency;
			package = 4F2CF49E2A060B9100076310 /* XCRemoteSwiftPackageReference "firebase-ios-sdk" */;
			productName = FirebaseDatabase;
		};
		4F2CF4AF2A060B9100076310 /* FirebaseDatabaseSwift */ = {
			isa = XCSwiftPackageProductDependency;
			package = 4F2CF49E2A060B9100076310 /* XCRemoteSwiftPackageReference "firebase-ios-sdk" */;
			productName = FirebaseDatabaseSwift;
		};
		4F2CF4B12A060B9100076310 /* FirebaseFirestore */ = {
			isa = XCSwiftPackageProductDependency;
			package = 4F2CF49E2A060B9100076310 /* XCRemoteSwiftPackageReference "firebase-ios-sdk" */;
			productName = FirebaseFirestore;
		};
		4F2CF4B32A060B9100076310 /* FirebaseFirestoreCombine-Community */ = {
			isa = XCSwiftPackageProductDependency;
			package = 4F2CF49E2A060B9100076310 /* XCRemoteSwiftPackageReference "firebase-ios-sdk" */;
			productName = "FirebaseFirestoreCombine-Community";
		};
		4F2CF4B52A060B9100076310 /* FirebaseFirestoreSwift */ = {
			isa = XCSwiftPackageProductDependency;
			package = 4F2CF49E2A060B9100076310 /* XCRemoteSwiftPackageReference "firebase-ios-sdk" */;
			productName = FirebaseFirestoreSwift;
		};
		4F2CF4B72A060B9100076310 /* FirebaseFunctions */ = {
			isa = XCSwiftPackageProductDependency;
			package = 4F2CF49E2A060B9100076310 /* XCRemoteSwiftPackageReference "firebase-ios-sdk" */;
			productName = FirebaseFunctions;
		};
		4F2CF4B92A060B9100076310 /* FirebaseFunctionsCombine-Community */ = {
			isa = XCSwiftPackageProductDependency;
			package = 4F2CF49E2A060B9100076310 /* XCRemoteSwiftPackageReference "firebase-ios-sdk" */;
			productName = "FirebaseFunctionsCombine-Community";
		};
		4F2CF4BB2A060B9100076310 /* FirebaseInstallations */ = {
			isa = XCSwiftPackageProductDependency;
			package = 4F2CF49E2A060B9100076310 /* XCRemoteSwiftPackageReference "firebase-ios-sdk" */;
			productName = FirebaseInstallations;
		};
		4F2CF4BD2A060B9100076310 /* FirebaseMLModelDownloader */ = {
			isa = XCSwiftPackageProductDependency;
			package = 4F2CF49E2A060B9100076310 /* XCRemoteSwiftPackageReference "firebase-ios-sdk" */;
			productName = FirebaseMLModelDownloader;
		};
		4F2CF4BF2A060B9100076310 /* FirebaseMessaging */ = {
			isa = XCSwiftPackageProductDependency;
			package = 4F2CF49E2A060B9100076310 /* XCRemoteSwiftPackageReference "firebase-ios-sdk" */;
			productName = FirebaseMessaging;
		};
		4F2CF4C12A060B9100076310 /* FirebasePerformance */ = {
			isa = XCSwiftPackageProductDependency;
			package = 4F2CF49E2A060B9100076310 /* XCRemoteSwiftPackageReference "firebase-ios-sdk" */;
			productName = FirebasePerformance;
		};
		4F2CF4C32A060B9100076310 /* FirebaseRemoteConfig */ = {
			isa = XCSwiftPackageProductDependency;
			package = 4F2CF49E2A060B9100076310 /* XCRemoteSwiftPackageReference "firebase-ios-sdk" */;
			productName = FirebaseRemoteConfig;
		};
		4F2CF4C52A060B9100076310 /* FirebaseRemoteConfigSwift */ = {
			isa = XCSwiftPackageProductDependency;
			package = 4F2CF49E2A060B9100076310 /* XCRemoteSwiftPackageReference "firebase-ios-sdk" */;
			productName = FirebaseRemoteConfigSwift;
		};
		4F2CF4C72A060B9100076310 /* FirebaseStorage */ = {
			isa = XCSwiftPackageProductDependency;
			package = 4F2CF49E2A060B9100076310 /* XCRemoteSwiftPackageReference "firebase-ios-sdk" */;
			productName = FirebaseStorage;
		};
		4F2CF4C92A060B9100076310 /* FirebaseStorageCombine-Community */ = {
			isa = XCSwiftPackageProductDependency;
			package = 4F2CF49E2A060B9100076310 /* XCRemoteSwiftPackageReference "firebase-ios-sdk" */;
			productName = "FirebaseStorageCombine-Community";
		};
		4F2CF4D42A060DDF00076310 /* GoogleSignIn */ = {
			isa = XCSwiftPackageProductDependency;
			package = 4F2CF4D32A060DDF00076310 /* XCRemoteSwiftPackageReference "GoogleSignIn-iOS" */;
			productName = GoogleSignIn;
		};
		4F2CF4D62A060DDF00076310 /* GoogleSignInSwift */ = {
			isa = XCSwiftPackageProductDependency;
			package = 4F2CF4D32A060DDF00076310 /* XCRemoteSwiftPackageReference "GoogleSignIn-iOS" */;
			productName = GoogleSignInSwift;
		};
/* End XCSwiftPackageProductDependency section */

/* Begin XCVersionGroup section */
		4F1468072A05FB30000D0E68 /* MyWorld.xcdatamodeld */ = {
			isa = XCVersionGroup;
			children = (
				4F1468082A05FB30000D0E68 /* MyWorld.xcdatamodel */,
			);
			currentVersion = 4F1468082A05FB30000D0E68 /* MyWorld.xcdatamodel */;
			path = MyWorld.xcdatamodeld;
			sourceTree = "<group>";
			versionGroupType = wrapper.xcdatamodel;
		};
/* End XCVersionGroup section */
	};
	rootObject = 4F1467F12A05FB2D000D0E68 /* Project object */;
}
