// !$*UTF8*$!
{
	archiveVersion = 1;
	classes = {
	};
	objectVersion = 56;
	objects = {

/* Begin PBXBuildFile section */
		4F01519D2A109C61008B0675 /* FireBaseBackendAPI.swift in Sources */ = {isa = PBXBuildFile; fileRef = 4F01519C2A109C61008B0675 /* FireBaseBackendAPI.swift */; };
		4F0151A02A109D7E008B0675 /* FirebaseAnalytics in Frameworks */ = {isa = PBXBuildFile; productRef = 4F01519F2A109D7E008B0675 /* FirebaseAnalytics */; };
		4F0151A22A109D7E008B0675 /* FirebaseAnalyticsOnDeviceConversion in Frameworks */ = {isa = PBXBuildFile; productRef = 4F0151A12A109D7E008B0675 /* FirebaseAnalyticsOnDeviceConversion */; };
		4F0151A42A109D7E008B0675 /* FirebaseAnalyticsSwift in Frameworks */ = {isa = PBXBuildFile; productRef = 4F0151A32A109D7E008B0675 /* FirebaseAnalyticsSwift */; };
		4F0151A62A109D7E008B0675 /* FirebaseAnalyticsWithoutAdIdSupport in Frameworks */ = {isa = PBXBuildFile; productRef = 4F0151A52A109D7E008B0675 /* FirebaseAnalyticsWithoutAdIdSupport */; };
		4F0151A82A109D7E008B0675 /* FirebaseAppCheck in Frameworks */ = {isa = PBXBuildFile; productRef = 4F0151A72A109D7E008B0675 /* FirebaseAppCheck */; };
		4F0151AA2A109D7E008B0675 /* FirebaseAppDistribution-Beta in Frameworks */ = {isa = PBXBuildFile; productRef = 4F0151A92A109D7E008B0675 /* FirebaseAppDistribution-Beta */; };
		4F0151AC2A109D7E008B0675 /* FirebaseAuth in Frameworks */ = {isa = PBXBuildFile; productRef = 4F0151AB2A109D7E008B0675 /* FirebaseAuth */; };
		4F0151AE2A109D7E008B0675 /* FirebaseAuthCombine-Community in Frameworks */ = {isa = PBXBuildFile; productRef = 4F0151AD2A109D7E008B0675 /* FirebaseAuthCombine-Community */; };
		4F0151B02A109D7E008B0675 /* FirebaseCrashlytics in Frameworks */ = {isa = PBXBuildFile; productRef = 4F0151AF2A109D7E008B0675 /* FirebaseCrashlytics */; };
		4F0151B22A109D7E008B0675 /* FirebaseDatabase in Frameworks */ = {isa = PBXBuildFile; productRef = 4F0151B12A109D7E008B0675 /* FirebaseDatabase */; };
		4F0151B42A109D7E008B0675 /* FirebaseDatabaseSwift in Frameworks */ = {isa = PBXBuildFile; productRef = 4F0151B32A109D7E008B0675 /* FirebaseDatabaseSwift */; };
		4F0151B62A109D7E008B0675 /* FirebaseDynamicLinks in Frameworks */ = {isa = PBXBuildFile; productRef = 4F0151B52A109D7E008B0675 /* FirebaseDynamicLinks */; };
		4F0151B82A109D7E008B0675 /* FirebaseFirestore in Frameworks */ = {isa = PBXBuildFile; productRef = 4F0151B72A109D7E008B0675 /* FirebaseFirestore */; };
		4F0151BA2A109D7E008B0675 /* FirebaseFirestoreCombine-Community in Frameworks */ = {isa = PBXBuildFile; productRef = 4F0151B92A109D7E008B0675 /* FirebaseFirestoreCombine-Community */; };
		4F0151BC2A109D7E008B0675 /* FirebaseFirestoreSwift in Frameworks */ = {isa = PBXBuildFile; productRef = 4F0151BB2A109D7E008B0675 /* FirebaseFirestoreSwift */; };
		4F0151BE2A109D7E008B0675 /* FirebaseFunctions in Frameworks */ = {isa = PBXBuildFile; productRef = 4F0151BD2A109D7E008B0675 /* FirebaseFunctions */; };
		4F0151C02A109D7E008B0675 /* FirebaseFunctionsCombine-Community in Frameworks */ = {isa = PBXBuildFile; productRef = 4F0151BF2A109D7E008B0675 /* FirebaseFunctionsCombine-Community */; };
		4F0151C22A109D7E008B0675 /* FirebaseInAppMessaging-Beta in Frameworks */ = {isa = PBXBuildFile; productRef = 4F0151C12A109D7E008B0675 /* FirebaseInAppMessaging-Beta */; };
		4F0151C42A109D7E008B0675 /* FirebaseInAppMessagingSwift-Beta in Frameworks */ = {isa = PBXBuildFile; productRef = 4F0151C32A109D7E008B0675 /* FirebaseInAppMessagingSwift-Beta */; };
		4F0151C62A109D7E008B0675 /* FirebaseInstallations in Frameworks */ = {isa = PBXBuildFile; productRef = 4F0151C52A109D7E008B0675 /* FirebaseInstallations */; };
		4F0151C82A109D7E008B0675 /* FirebaseMLModelDownloader in Frameworks */ = {isa = PBXBuildFile; productRef = 4F0151C72A109D7E008B0675 /* FirebaseMLModelDownloader */; };
		4F0151CA2A109D7E008B0675 /* FirebaseMessaging in Frameworks */ = {isa = PBXBuildFile; productRef = 4F0151C92A109D7E008B0675 /* FirebaseMessaging */; };
		4F0151CC2A109D7E008B0675 /* FirebasePerformance in Frameworks */ = {isa = PBXBuildFile; productRef = 4F0151CB2A109D7E008B0675 /* FirebasePerformance */; };
		4F0151CE2A109D7E008B0675 /* FirebaseRemoteConfig in Frameworks */ = {isa = PBXBuildFile; productRef = 4F0151CD2A109D7E008B0675 /* FirebaseRemoteConfig */; };
		4F0151D02A109D7E008B0675 /* FirebaseRemoteConfigSwift in Frameworks */ = {isa = PBXBuildFile; productRef = 4F0151CF2A109D7E008B0675 /* FirebaseRemoteConfigSwift */; };
		4F0151D22A109D7E008B0675 /* FirebaseStorage in Frameworks */ = {isa = PBXBuildFile; productRef = 4F0151D12A109D7E008B0675 /* FirebaseStorage */; };
		4F0151D42A109D7E008B0675 /* FirebaseStorageCombine-Community in Frameworks */ = {isa = PBXBuildFile; productRef = 4F0151D32A109D7E008B0675 /* FirebaseStorageCombine-Community */; };
		4F1467FD2A05FB2D000D0E68 /* MyWorldApp.swift in Sources */ = {isa = PBXBuildFile; fileRef = 4F1467FC2A05FB2D000D0E68 /* MyWorldApp.swift */; };
		4F1467FF2A05FB2D000D0E68 /* ContentView.swift in Sources */ = {isa = PBXBuildFile; fileRef = 4F1467FE2A05FB2D000D0E68 /* ContentView.swift */; };
		4F1468012A05FB30000D0E68 /* Assets.xcassets in Resources */ = {isa = PBXBuildFile; fileRef = 4F1468002A05FB30000D0E68 /* Assets.xcassets */; };
		4F1468042A05FB30000D0E68 /* Preview Assets.xcassets in Resources */ = {isa = PBXBuildFile; fileRef = 4F1468032A05FB30000D0E68 /* Preview Assets.xcassets */; };
		4F1468062A05FB30000D0E68 /* Persistence.swift in Sources */ = {isa = PBXBuildFile; fileRef = 4F1468052A05FB30000D0E68 /* Persistence.swift */; };
		4F1468092A05FB30000D0E68 /* MyWorld.xcdatamodeld in Sources */ = {isa = PBXBuildFile; fileRef = 4F1468072A05FB30000D0E68 /* MyWorld.xcdatamodeld */; };
		4F1468192A06001F000D0E68 /* AuthView.swift in Sources */ = {isa = PBXBuildFile; fileRef = 4F1468182A06001F000D0E68 /* AuthView.swift */; };
		4F14681B2A060260000D0E68 /* MainView.swift in Sources */ = {isa = PBXBuildFile; fileRef = 4F14681A2A060260000D0E68 /* MainView.swift */; };
		4FB354DB2A10BC62009C4E6B /* GoogleService-Info.plist in Resources */ = {isa = PBXBuildFile; fileRef = 4FB354DA2A10BC62009C4E6B /* GoogleService-Info.plist */; };
		4FB354E42A10BD2D009C4E6B /* GoogleSignIn in Frameworks */ = {isa = PBXBuildFile; productRef = 4FB354E32A10BD2D009C4E6B /* GoogleSignIn */; };
		4FB354E62A10BD2D009C4E6B /* GoogleSignInSwift in Frameworks */ = {isa = PBXBuildFile; productRef = 4FB354E52A10BD2D009C4E6B /* GoogleSignInSwift */; };
		4FB354E82A10BD91009C4E6B /* UserModel.swift in Sources */ = {isa = PBXBuildFile; fileRef = 4FB354E72A10BD91009C4E6B /* UserModel.swift */; };
		4FB354EA2A10BD96009C4E6B /* FireBaseModel.swift in Sources */ = {isa = PBXBuildFile; fileRef = 4FB354E92A10BD96009C4E6B /* FireBaseModel.swift */; };
		4FB354EE2A10BEF8009C4E6B /* AuthViewModel.swift in Sources */ = {isa = PBXBuildFile; fileRef = 4FB354ED2A10BEF8009C4E6B /* AuthViewModel.swift */; };
		4FB354F12A10C0C5009C4E6B /* Utility in Sources */ = {isa = PBXBuildFile; fileRef = 4FB354F02A10C0C5009C4E6B /* Utility */; };
		4FB354F32A10C192009C4E6B /* ApplicationUtility.swift in Sources */ = {isa = PBXBuildFile; fileRef = 4FB354F22A10C191009C4E6B /* ApplicationUtility.swift */; };
		4FB4644A2A10AF9C00BDFBF4 /* HarryBookModel.swift in Sources */ = {isa = PBXBuildFile; fileRef = 4FB464492A10AF9C00BDFBF4 /* HarryBookModel.swift */; };
		4FB4644D2A10B0EF00BDFBF4 /* HarryBookViewModels.swift in Sources */ = {isa = PBXBuildFile; fileRef = 4FB4644C2A10B0EF00BDFBF4 /* HarryBookViewModels.swift */; };
		4FB464502A10B15200BDFBF4 /* HarryBookService.swift in Sources */ = {isa = PBXBuildFile; fileRef = 4FB4644F2A10B15200BDFBF4 /* HarryBookService.swift */; };
		4FB464532A10B82700BDFBF4 /* Kingfisher in Frameworks */ = {isa = PBXBuildFile; productRef = 4FB464522A10B82700BDFBF4 /* Kingfisher */; };
		4FB7276E2A062DFC00A375D0 /* MenuModel.swift in Sources */ = {isa = PBXBuildFile; fileRef = 4FB7276D2A062DFC00A375D0 /* MenuModel.swift */; };
		4FB727712A062ED200A375D0 /* HarryPotterView.swift in Sources */ = {isa = PBXBuildFile; fileRef = 4FB727702A062ED200A375D0 /* HarryPotterView.swift */; };
		4FB727732A062F4300A375D0 /* MenuView.swift in Sources */ = {isa = PBXBuildFile; fileRef = 4FB727722A062F4300A375D0 /* MenuView.swift */; };
		4FB727752A06302A00A375D0 /* MenuTabView.swift in Sources */ = {isa = PBXBuildFile; fileRef = 4FB727742A06302A00A375D0 /* MenuTabView.swift */; };
		4FB727782A0630A100A375D0 /* TabButtonView.swift in Sources */ = {isa = PBXBuildFile; fileRef = 4FB727772A0630A100A375D0 /* TabButtonView.swift */; };
		4FB7277A2A06311100A375D0 /* ViewExtention.swift in Sources */ = {isa = PBXBuildFile; fileRef = 4FB727792A06311100A375D0 /* ViewExtention.swift */; };
		4FB7277C2A06317000A375D0 /* CustomCorners.swift in Sources */ = {isa = PBXBuildFile; fileRef = 4FB7277B2A06317000A375D0 /* CustomCorners.swift */; };
		4FB7277F2A0633F100A375D0 /* PagesView.swift in Sources */ = {isa = PBXBuildFile; fileRef = 4FB7277E2A0633F100A375D0 /* PagesView.swift */; };
		4FB727812A06345E00A375D0 /* PageView.swift in Sources */ = {isa = PBXBuildFile; fileRef = 4FB727802A06345E00A375D0 /* PageView.swift */; };
		4FE468362A10A58D009A6991 /* Runtime in Frameworks */ = {isa = PBXBuildFile; productRef = 4FE468352A10A58D009A6991 /* Runtime */; };
/* End PBXBuildFile section */

/* Begin PBXFileReference section */
		4F01519C2A109C61008B0675 /* FireBaseBackendAPI.swift */ = {isa = PBXFileReference; lastKnownFileType = sourcecode.swift; path = FireBaseBackendAPI.swift; sourceTree = "<group>"; };
		4F1467F92A05FB2D000D0E68 /* MyWorld.app */ = {isa = PBXFileReference; explicitFileType = wrapper.application; includeInIndex = 0; path = MyWorld.app; sourceTree = BUILT_PRODUCTS_DIR; };
		4F1467FC2A05FB2D000D0E68 /* MyWorldApp.swift */ = {isa = PBXFileReference; lastKnownFileType = sourcecode.swift; path = MyWorldApp.swift; sourceTree = "<group>"; };
		4F1467FE2A05FB2D000D0E68 /* ContentView.swift */ = {isa = PBXFileReference; lastKnownFileType = sourcecode.swift; path = ContentView.swift; sourceTree = "<group>"; };
		4F1468002A05FB30000D0E68 /* Assets.xcassets */ = {isa = PBXFileReference; lastKnownFileType = folder.assetcatalog; path = Assets.xcassets; sourceTree = "<group>"; };
		4F1468032A05FB30000D0E68 /* Preview Assets.xcassets */ = {isa = PBXFileReference; lastKnownFileType = folder.assetcatalog; path = "Preview Assets.xcassets"; sourceTree = "<group>"; };
		4F1468052A05FB30000D0E68 /* Persistence.swift */ = {isa = PBXFileReference; lastKnownFileType = sourcecode.swift; path = Persistence.swift; sourceTree = "<group>"; };
		4F1468082A05FB30000D0E68 /* MyWorld.xcdatamodel */ = {isa = PBXFileReference; lastKnownFileType = wrapper.xcdatamodel; path = MyWorld.xcdatamodel; sourceTree = "<group>"; };
		4F1468182A06001F000D0E68 /* AuthView.swift */ = {isa = PBXFileReference; lastKnownFileType = sourcecode.swift; path = AuthView.swift; sourceTree = "<group>"; };
		4F14681A2A060260000D0E68 /* MainView.swift */ = {isa = PBXFileReference; lastKnownFileType = sourcecode.swift; path = MainView.swift; sourceTree = "<group>"; };
		4FB354DA2A10BC62009C4E6B /* GoogleService-Info.plist */ = {isa = PBXFileReference; fileEncoding = 4; lastKnownFileType = text.plist.xml; name = "GoogleService-Info.plist"; path = "../../../../../GoogleService-Info.plist"; sourceTree = "<group>"; };
		4FB354E72A10BD91009C4E6B /* UserModel.swift */ = {isa = PBXFileReference; fileEncoding = 4; lastKnownFileType = sourcecode.swift; path = UserModel.swift; sourceTree = "<group>"; };
		4FB354E92A10BD96009C4E6B /* FireBaseModel.swift */ = {isa = PBXFileReference; fileEncoding = 4; lastKnownFileType = sourcecode.swift; path = FireBaseModel.swift; sourceTree = "<group>"; };
		4FB354ED2A10BEF8009C4E6B /* AuthViewModel.swift */ = {isa = PBXFileReference; lastKnownFileType = sourcecode.swift; path = AuthViewModel.swift; sourceTree = "<group>"; };
		4FB354F02A10C0C5009C4E6B /* Utility */ = {isa = PBXFileReference; lastKnownFileType = folder; path = Utility; sourceTree = "<group>"; };
		4FB354F22A10C191009C4E6B /* ApplicationUtility.swift */ = {isa = PBXFileReference; lastKnownFileType = sourcecode.swift; name = ApplicationUtility.swift; path = MyWorld/Utility/ApplicationUtility.swift; sourceTree = "<group>"; };
		4FB464492A10AF9C00BDFBF4 /* HarryBookModel.swift */ = {isa = PBXFileReference; lastKnownFileType = sourcecode.swift; path = HarryBookModel.swift; sourceTree = "<group>"; };
		4FB4644C2A10B0EF00BDFBF4 /* HarryBookViewModels.swift */ = {isa = PBXFileReference; lastKnownFileType = sourcecode.swift; path = HarryBookViewModels.swift; sourceTree = "<group>"; };
		4FB4644F2A10B15200BDFBF4 /* HarryBookService.swift */ = {isa = PBXFileReference; lastKnownFileType = sourcecode.swift; path = HarryBookService.swift; sourceTree = "<group>"; };
		4FB7276D2A062DFC00A375D0 /* MenuModel.swift */ = {isa = PBXFileReference; lastKnownFileType = sourcecode.swift; path = MenuModel.swift; sourceTree = "<group>"; };
		4FB727702A062ED200A375D0 /* HarryPotterView.swift */ = {isa = PBXFileReference; lastKnownFileType = sourcecode.swift; path = HarryPotterView.swift; sourceTree = "<group>"; };
		4FB727722A062F4300A375D0 /* MenuView.swift */ = {isa = PBXFileReference; lastKnownFileType = sourcecode.swift; path = MenuView.swift; sourceTree = "<group>"; };
		4FB727742A06302A00A375D0 /* MenuTabView.swift */ = {isa = PBXFileReference; lastKnownFileType = sourcecode.swift; path = MenuTabView.swift; sourceTree = "<group>"; };
		4FB727772A0630A100A375D0 /* TabButtonView.swift */ = {isa = PBXFileReference; lastKnownFileType = sourcecode.swift; path = TabButtonView.swift; sourceTree = "<group>"; };
		4FB727792A06311100A375D0 /* ViewExtention.swift */ = {isa = PBXFileReference; lastKnownFileType = sourcecode.swift; path = ViewExtention.swift; sourceTree = "<group>"; };
		4FB7277B2A06317000A375D0 /* CustomCorners.swift */ = {isa = PBXFileReference; lastKnownFileType = sourcecode.swift; path = CustomCorners.swift; sourceTree = "<group>"; };
		4FB7277E2A0633F100A375D0 /* PagesView.swift */ = {isa = PBXFileReference; lastKnownFileType = sourcecode.swift; path = PagesView.swift; sourceTree = "<group>"; };
		4FB727802A06345E00A375D0 /* PageView.swift */ = {isa = PBXFileReference; lastKnownFileType = sourcecode.swift; path = PageView.swift; sourceTree = "<group>"; };
/* End PBXFileReference section */

/* Begin PBXFrameworksBuildPhase section */
		4F1467F62A05FB2D000D0E68 /* Frameworks */ = {
			isa = PBXFrameworksBuildPhase;
			buildActionMask = 2147483647;
			files = (
				4F0151B22A109D7E008B0675 /* FirebaseDatabase in Frameworks */,
				4F0151C02A109D7E008B0675 /* FirebaseFunctionsCombine-Community in Frameworks */,
				4F0151B82A109D7E008B0675 /* FirebaseFirestore in Frameworks */,
				4FE468362A10A58D009A6991 /* Runtime in Frameworks */,
				4F0151A42A109D7E008B0675 /* FirebaseAnalyticsSwift in Frameworks */,
				4FB354E42A10BD2D009C4E6B /* GoogleSignIn in Frameworks */,
				4F0151A02A109D7E008B0675 /* FirebaseAnalytics in Frameworks */,
				4F0151A22A109D7E008B0675 /* FirebaseAnalyticsOnDeviceConversion in Frameworks */,
				4F0151C82A109D7E008B0675 /* FirebaseMLModelDownloader in Frameworks */,
				4FB464532A10B82700BDFBF4 /* Kingfisher in Frameworks */,
				4F0151BC2A109D7E008B0675 /* FirebaseFirestoreSwift in Frameworks */,
				4F0151A82A109D7E008B0675 /* FirebaseAppCheck in Frameworks */,
				4F0151A62A109D7E008B0675 /* FirebaseAnalyticsWithoutAdIdSupport in Frameworks */,
				4F0151AC2A109D7E008B0675 /* FirebaseAuth in Frameworks */,
				4F0151B02A109D7E008B0675 /* FirebaseCrashlytics in Frameworks */,
				4F0151D02A109D7E008B0675 /* FirebaseRemoteConfigSwift in Frameworks */,
				4F0151C22A109D7E008B0675 /* FirebaseInAppMessaging-Beta in Frameworks */,
				4F0151B42A109D7E008B0675 /* FirebaseDatabaseSwift in Frameworks */,
				4F0151BE2A109D7E008B0675 /* FirebaseFunctions in Frameworks */,
				4F0151D42A109D7E008B0675 /* FirebaseStorageCombine-Community in Frameworks */,
				4F0151CE2A109D7E008B0675 /* FirebaseRemoteConfig in Frameworks */,
				4F0151AA2A109D7E008B0675 /* FirebaseAppDistribution-Beta in Frameworks */,
				4F0151AE2A109D7E008B0675 /* FirebaseAuthCombine-Community in Frameworks */,
				4FB354E62A10BD2D009C4E6B /* GoogleSignInSwift in Frameworks */,
				4F0151CC2A109D7E008B0675 /* FirebasePerformance in Frameworks */,
				4F0151C42A109D7E008B0675 /* FirebaseInAppMessagingSwift-Beta in Frameworks */,
				4F0151D22A109D7E008B0675 /* FirebaseStorage in Frameworks */,
				4F0151B62A109D7E008B0675 /* FirebaseDynamicLinks in Frameworks */,
				4F0151BA2A109D7E008B0675 /* FirebaseFirestoreCombine-Community in Frameworks */,
				4F0151CA2A109D7E008B0675 /* FirebaseMessaging in Frameworks */,
				4F0151C62A109D7E008B0675 /* FirebaseInstallations in Frameworks */,
			);
			runOnlyForDeploymentPostprocessing = 0;
		};
/* End PBXFrameworksBuildPhase section */

/* Begin PBXGroup section */
		4F01519B2A109C4D008B0675 /* BackendAPI */ = {
			isa = PBXGroup;
			children = (
				4F01519C2A109C61008B0675 /* FireBaseBackendAPI.swift */,
			);
			path = BackendAPI;
			sourceTree = "<group>";
		};
		4F1467F02A05FB2D000D0E68 = {
			isa = PBXGroup;
			children = (
				4FB354F22A10C191009C4E6B /* ApplicationUtility.swift */,
				4F1467FB2A05FB2D000D0E68 /* MyWorld */,
				4F1467FA2A05FB2D000D0E68 /* Products */,
			);
			sourceTree = "<group>";
		};
		4F1467FA2A05FB2D000D0E68 /* Products */ = {
			isa = PBXGroup;
			children = (
				4F1467F92A05FB2D000D0E68 /* MyWorld.app */,
			);
			name = Products;
			sourceTree = "<group>";
		};
		4F1467FB2A05FB2D000D0E68 /* MyWorld */ = {
			isa = PBXGroup;
			children = (
				4FB354F02A10C0C5009C4E6B /* Utility */,
				4FB354DA2A10BC62009C4E6B /* GoogleService-Info.plist */,
				4F1468162A05FF60000D0E68 /* Resources */,
				4F1468132A05FED1000D0E68 /* Themes */,
				4F1468122A05FEBA000D0E68 /* Config */,
				4F1468112A05FEA6000D0E68 /* Extentions */,
				4F1468102A05FE97000D0E68 /* Support */,
				4F14680F2A05FE4C000D0E68 /* Apps */,
				4F1467FC2A05FB2D000D0E68 /* MyWorldApp.swift */,
				4F1467FE2A05FB2D000D0E68 /* ContentView.swift */,
				4F1468052A05FB30000D0E68 /* Persistence.swift */,
				4F1468072A05FB30000D0E68 /* MyWorld.xcdatamodeld */,
				4F1468022A05FB30000D0E68 /* Preview Content */,
			);
			path = MyWorld;
			sourceTree = "<group>";
		};
		4F1468022A05FB30000D0E68 /* Preview Content */ = {
			isa = PBXGroup;
			children = (
				4F1468032A05FB30000D0E68 /* Preview Assets.xcassets */,
			);
			path = "Preview Content";
			sourceTree = "<group>";
		};
		4F14680F2A05FE4C000D0E68 /* Apps */ = {
			isa = PBXGroup;
			children = (
				4FB7276C2A062DDC00A375D0 /* Pages */,
				4FB727692A062D7500A375D0 /* Models */,
				4F1468152A05FEF3000D0E68 /* MainPage */,
				4F1468142A05FEEA000D0E68 /* AuthPage */,
			);
			name = Apps;
			sourceTree = "<group>";
		};
		4F1468102A05FE97000D0E68 /* Support */ = {
			isa = PBXGroup;
			children = (
				4F01519B2A109C4D008B0675 /* BackendAPI */,
			);
			name = Support;
			sourceTree = "<group>";
		};
		4F1468112A05FEA6000D0E68 /* Extentions */ = {
			isa = PBXGroup;
			children = (
				4FB727792A06311100A375D0 /* ViewExtention.swift */,
			);
			path = Extentions;
			sourceTree = "<group>";
		};
		4F1468122A05FEBA000D0E68 /* Config */ = {
			isa = PBXGroup;
			children = (
			);
			name = Config;
			sourceTree = "<group>";
		};
		4F1468132A05FED1000D0E68 /* Themes */ = {
			isa = PBXGroup;
			children = (
				4FB7277B2A06317000A375D0 /* CustomCorners.swift */,
			);
			path = Themes;
			sourceTree = "<group>";
		};
		4F1468142A05FEEA000D0E68 /* AuthPage */ = {
			isa = PBXGroup;
			children = (
				4FB354EC2A10BEB2009C4E6B /* Modes */,
				4F1468182A06001F000D0E68 /* AuthView.swift */,
				4FB354ED2A10BEF8009C4E6B /* AuthViewModel.swift */,
			);
			path = AuthPage;
			sourceTree = "<group>";
		};
		4F1468152A05FEF3000D0E68 /* MainPage */ = {
			isa = PBXGroup;
			children = (
				4FB7277D2A0633D500A375D0 /* Pages */,
				4FB7276B2A062DD100A375D0 /* Menu */,
				4F14681A2A060260000D0E68 /* MainView.swift */,
			);
			name = MainPage;
			sourceTree = "<group>";
		};
		4F1468162A05FF60000D0E68 /* Resources */ = {
			isa = PBXGroup;
			children = (
				4F1468002A05FB30000D0E68 /* Assets.xcassets */,
			);
			name = Resources;
			sourceTree = "<group>";
		};
		4FB354EC2A10BEB2009C4E6B /* Modes */ = {
			isa = PBXGroup;
			children = (
				4FB354E72A10BD91009C4E6B /* UserModel.swift */,
				4FB354E92A10BD96009C4E6B /* FireBaseModel.swift */,
			);
			name = Modes;
			sourceTree = "<group>";
		};
		4FB464482A10AF3C00BDFBF4 /* Models */ = {
			isa = PBXGroup;
			children = (
				4FB464492A10AF9C00BDFBF4 /* HarryBookModel.swift */,
			);
			path = Models;
			sourceTree = "<group>";
		};
		4FB4644B2A10B0D800BDFBF4 /* HarryBookViewModels */ = {
			isa = PBXGroup;
			children = (
				4FB4644C2A10B0EF00BDFBF4 /* HarryBookViewModels.swift */,
			);
			name = HarryBookViewModels;
			sourceTree = "<group>";
		};
		4FB4644E2A10B14200BDFBF4 /* Services */ = {
			isa = PBXGroup;
			children = (
				4FB4644F2A10B15200BDFBF4 /* HarryBookService.swift */,
			);
			name = Services;
			sourceTree = "<group>";
		};
		4FB727692A062D7500A375D0 /* Models */ = {
			isa = PBXGroup;
			children = (
			);
			name = Models;
			sourceTree = "<group>";
		};
		4FB7276B2A062DD100A375D0 /* Menu */ = {
			isa = PBXGroup;
			children = (
				4FB727762A06307000A375D0 /* TabButton */,
				4FB7276D2A062DFC00A375D0 /* MenuModel.swift */,
				4FB727722A062F4300A375D0 /* MenuView.swift */,
				4FB727742A06302A00A375D0 /* MenuTabView.swift */,
			);
			path = Menu;
			sourceTree = "<group>";
		};
		4FB7276C2A062DDC00A375D0 /* Pages */ = {
			isa = PBXGroup;
			children = (
				4FB7276F2A062E9700A375D0 /* HarryPotter */,
			);
			name = Pages;
			path = Menu;
			sourceTree = "<group>";
		};
		4FB7276F2A062E9700A375D0 /* HarryPotter */ = {
			isa = PBXGroup;
			children = (
				4FB4644E2A10B14200BDFBF4 /* Services */,
				4FB4644B2A10B0D800BDFBF4 /* HarryBookViewModels */,
				4FB464482A10AF3C00BDFBF4 /* Models */,
				4FB727702A062ED200A375D0 /* HarryPotterView.swift */,
			);
			name = HarryPotter;
			sourceTree = "<group>";
		};
		4FB727762A06307000A375D0 /* TabButton */ = {
			isa = PBXGroup;
			children = (
				4FB727772A0630A100A375D0 /* TabButtonView.swift */,
			);
			name = TabButton;
			sourceTree = "<group>";
		};
		4FB7277D2A0633D500A375D0 /* Pages */ = {
			isa = PBXGroup;
			children = (
				4FB7277E2A0633F100A375D0 /* PagesView.swift */,
				4FB727802A06345E00A375D0 /* PageView.swift */,
			);
			name = Pages;
			sourceTree = "<group>";
		};
/* End PBXGroup section */

/* Begin PBXNativeTarget section */
		4F1467F82A05FB2D000D0E68 /* MyWorld */ = {
			isa = PBXNativeTarget;
			buildConfigurationList = 4F14680C2A05FB30000D0E68 /* Build configuration list for PBXNativeTarget "MyWorld" */;
			buildPhases = (
				4F1467F52A05FB2D000D0E68 /* Sources */,
				4F1467F62A05FB2D000D0E68 /* Frameworks */,
				4F1467F72A05FB2D000D0E68 /* Resources */,
			);
			buildRules = (
			);
			dependencies = (
			);
			name = MyWorld;
			packageProductDependencies = (
				4F01519F2A109D7E008B0675 /* FirebaseAnalytics */,
				4F0151A12A109D7E008B0675 /* FirebaseAnalyticsOnDeviceConversion */,
				4F0151A32A109D7E008B0675 /* FirebaseAnalyticsSwift */,
				4F0151A52A109D7E008B0675 /* FirebaseAnalyticsWithoutAdIdSupport */,
				4F0151A72A109D7E008B0675 /* FirebaseAppCheck */,
				4F0151A92A109D7E008B0675 /* FirebaseAppDistribution-Beta */,
				4F0151AB2A109D7E008B0675 /* FirebaseAuth */,
				4F0151AD2A109D7E008B0675 /* FirebaseAuthCombine-Community */,
				4F0151AF2A109D7E008B0675 /* FirebaseCrashlytics */,
				4F0151B12A109D7E008B0675 /* FirebaseDatabase */,
				4F0151B32A109D7E008B0675 /* FirebaseDatabaseSwift */,
				4F0151B52A109D7E008B0675 /* FirebaseDynamicLinks */,
				4F0151B72A109D7E008B0675 /* FirebaseFirestore */,
				4F0151B92A109D7E008B0675 /* FirebaseFirestoreCombine-Community */,
				4F0151BB2A109D7E008B0675 /* FirebaseFirestoreSwift */,
				4F0151BD2A109D7E008B0675 /* FirebaseFunctions */,
				4F0151BF2A109D7E008B0675 /* FirebaseFunctionsCombine-Community */,
				4F0151C12A109D7E008B0675 /* FirebaseInAppMessaging-Beta */,
				4F0151C32A109D7E008B0675 /* FirebaseInAppMessagingSwift-Beta */,
				4F0151C52A109D7E008B0675 /* FirebaseInstallations */,
				4F0151C72A109D7E008B0675 /* FirebaseMLModelDownloader */,
				4F0151C92A109D7E008B0675 /* FirebaseMessaging */,
				4F0151CB2A109D7E008B0675 /* FirebasePerformance */,
				4F0151CD2A109D7E008B0675 /* FirebaseRemoteConfig */,
				4F0151CF2A109D7E008B0675 /* FirebaseRemoteConfigSwift */,
				4F0151D12A109D7E008B0675 /* FirebaseStorage */,
				4F0151D32A109D7E008B0675 /* FirebaseStorageCombine-Community */,
				4FE468352A10A58D009A6991 /* Runtime */,
				4FB464522A10B82700BDFBF4 /* Kingfisher */,
				4FB354E32A10BD2D009C4E6B /* GoogleSignIn */,
				4FB354E52A10BD2D009C4E6B /* GoogleSignInSwift */,
			);
			productName = MyWorld;
			productReference = 4F1467F92A05FB2D000D0E68 /* MyWorld.app */;
			productType = "com.apple.product-type.application";
		};
/* End PBXNativeTarget section */

/* Begin PBXProject section */
		4F1467F12A05FB2D000D0E68 /* Project object */ = {
			isa = PBXProject;
			attributes = {
				BuildIndependentTargetsInParallel = 1;
				LastSwiftUpdateCheck = 1420;
				LastUpgradeCheck = 1420;
				TargetAttributes = {
					4F1467F82A05FB2D000D0E68 = {
						CreatedOnToolsVersion = 14.2;
					};
				};
			};
			buildConfigurationList = 4F1467F42A05FB2D000D0E68 /* Build configuration list for PBXProject "MyWorld" */;
			compatibilityVersion = "Xcode 14.0";
			developmentRegion = en;
			hasScannedForEncodings = 0;
			knownRegions = (
				en,
				Base,
			);
			mainGroup = 4F1467F02A05FB2D000D0E68;
			packageReferences = (
				4F01519E2A109D7E008B0675 /* XCRemoteSwiftPackageReference "firebase-ios-sdk" */,
				4FE468342A10A58D009A6991 /* XCRemoteSwiftPackageReference "Runtime" */,
				4FB464512A10B82700BDFBF4 /* XCRemoteSwiftPackageReference "Kingfisher" */,
				4FB354E22A10BD2D009C4E6B /* XCRemoteSwiftPackageReference "GoogleSignIn-iOS" */,
			);
			productRefGroup = 4F1467FA2A05FB2D000D0E68 /* Products */;
			projectDirPath = "";
			projectRoot = "";
			targets = (
				4F1467F82A05FB2D000D0E68 /* MyWorld */,
			);
		};
/* End PBXProject section */

/* Begin PBXResourcesBuildPhase section */
		4F1467F72A05FB2D000D0E68 /* Resources */ = {
			isa = PBXResourcesBuildPhase;
			buildActionMask = 2147483647;
			files = (
				4F1468042A05FB30000D0E68 /* Preview Assets.xcassets in Resources */,
				4F1468012A05FB30000D0E68 /* Assets.xcassets in Resources */,
				4FB354DB2A10BC62009C4E6B /* GoogleService-Info.plist in Resources */,
			);
			runOnlyForDeploymentPostprocessing = 0;
		};
/* End PBXResourcesBuildPhase section */

/* Begin PBXSourcesBuildPhase section */
		4F1467F52A05FB2D000D0E68 /* Sources */ = {
			isa = PBXSourcesBuildPhase;
			buildActionMask = 2147483647;
			files = (
				4FB354F32A10C192009C4E6B /* ApplicationUtility.swift in Sources */,
				4FB354F12A10C0C5009C4E6B /* Utility in Sources */,
				4F1468062A05FB30000D0E68 /* Persistence.swift in Sources */,
				4FB7277C2A06317000A375D0 /* CustomCorners.swift in Sources */,
				4FB727752A06302A00A375D0 /* MenuTabView.swift in Sources */,
				4F14681B2A060260000D0E68 /* MainView.swift in Sources */,
				4FB7277A2A06311100A375D0 /* ViewExtention.swift in Sources */,
				4FB7277F2A0633F100A375D0 /* PagesView.swift in Sources */,
				4F01519D2A109C61008B0675 /* FireBaseBackendAPI.swift in Sources */,
				4F1468192A06001F000D0E68 /* AuthView.swift in Sources */,
				4FB354E82A10BD91009C4E6B /* UserModel.swift in Sources */,
				4F1467FF2A05FB2D000D0E68 /* ContentView.swift in Sources */,
				4FB727732A062F4300A375D0 /* MenuView.swift in Sources */,
				4FB727782A0630A100A375D0 /* TabButtonView.swift in Sources */,
				4FB727812A06345E00A375D0 /* PageView.swift in Sources */,
				4FB4644D2A10B0EF00BDFBF4 /* HarryBookViewModels.swift in Sources */,
				4F1468092A05FB30000D0E68 /* MyWorld.xcdatamodeld in Sources */,
				4FB464502A10B15200BDFBF4 /* HarryBookService.swift in Sources */,
				4FB7276E2A062DFC00A375D0 /* MenuModel.swift in Sources */,
				4F1467FD2A05FB2D000D0E68 /* MyWorldApp.swift in Sources */,
				4FB354EE2A10BEF8009C4E6B /* AuthViewModel.swift in Sources */,
				4FB4644A2A10AF9C00BDFBF4 /* HarryBookModel.swift in Sources */,
				4FB354EA2A10BD96009C4E6B /* FireBaseModel.swift in Sources */,
				4FB727712A062ED200A375D0 /* HarryPotterView.swift in Sources */,
			);
			runOnlyForDeploymentPostprocessing = 0;
		};
/* End PBXSourcesBuildPhase section */

/* Begin XCBuildConfiguration section */
		4F14680A2A05FB30000D0E68 /* Debug */ = {
			isa = XCBuildConfiguration;
			buildSettings = {
				ALWAYS_SEARCH_USER_PATHS = NO;
				CLANG_ANALYZER_NONNULL = YES;
				CLANG_ANALYZER_NUMBER_OBJECT_CONVERSION = YES_AGGRESSIVE;
				CLANG_CXX_LANGUAGE_STANDARD = "gnu++20";
				CLANG_ENABLE_MODULES = YES;
				CLANG_ENABLE_OBJC_ARC = YES;
				CLANG_ENABLE_OBJC_WEAK = YES;
				CLANG_WARN_BLOCK_CAPTURE_AUTORELEASING = YES;
				CLANG_WARN_BOOL_CONVERSION = YES;
				CLANG_WARN_COMMA = YES;
				CLANG_WARN_CONSTANT_CONVERSION = YES;
				CLANG_WARN_DEPRECATED_OBJC_IMPLEMENTATIONS = YES;
				CLANG_WARN_DIRECT_OBJC_ISA_USAGE = YES_ERROR;
				CLANG_WARN_DOCUMENTATION_COMMENTS = YES;
				CLANG_WARN_EMPTY_BODY = YES;
				CLANG_WARN_ENUM_CONVERSION = YES;
				CLANG_WARN_INFINITE_RECURSION = YES;
				CLANG_WARN_INT_CONVERSION = YES;
				CLANG_WARN_NON_LITERAL_NULL_CONVERSION = YES;
				CLANG_WARN_OBJC_IMPLICIT_RETAIN_SELF = YES;
				CLANG_WARN_OBJC_LITERAL_CONVERSION = YES;
				CLANG_WARN_OBJC_ROOT_CLASS = YES_ERROR;
				CLANG_WARN_QUOTED_INCLUDE_IN_FRAMEWORK_HEADER = YES;
				CLANG_WARN_RANGE_LOOP_ANALYSIS = YES;
				CLANG_WARN_STRICT_PROTOTYPES = YES;
				CLANG_WARN_SUSPICIOUS_MOVE = YES;
				CLANG_WARN_UNGUARDED_AVAILABILITY = YES_AGGRESSIVE;
				CLANG_WARN_UNREACHABLE_CODE = YES;
				CLANG_WARN__DUPLICATE_METHOD_MATCH = YES;
				COPY_PHASE_STRIP = NO;
				DEBUG_INFORMATION_FORMAT = dwarf;
				ENABLE_STRICT_OBJC_MSGSEND = YES;
				ENABLE_TESTABILITY = YES;
				GCC_C_LANGUAGE_STANDARD = gnu11;
				GCC_DYNAMIC_NO_PIC = NO;
				GCC_NO_COMMON_BLOCKS = YES;
				GCC_OPTIMIZATION_LEVEL = 0;
				GCC_PREPROCESSOR_DEFINITIONS = (
					"DEBUG=1",
					"$(inherited)",
				);
				GCC_WARN_64_TO_32_BIT_CONVERSION = YES;
				GCC_WARN_ABOUT_RETURN_TYPE = YES_ERROR;
				GCC_WARN_UNDECLARED_SELECTOR = YES;
				GCC_WARN_UNINITIALIZED_AUTOS = YES_AGGRESSIVE;
				GCC_WARN_UNUSED_FUNCTION = YES;
				GCC_WARN_UNUSED_VARIABLE = YES;
				IPHONEOS_DEPLOYMENT_TARGET = 16.2;
				MTL_ENABLE_DEBUG_INFO = INCLUDE_SOURCE;
				MTL_FAST_MATH = YES;
				ONLY_ACTIVE_ARCH = YES;
				SDKROOT = iphoneos;
				SWIFT_ACTIVE_COMPILATION_CONDITIONS = DEBUG;
				SWIFT_OPTIMIZATION_LEVEL = "-Onone";
			};
			name = Debug;
		};
		4F14680B2A05FB30000D0E68 /* Release */ = {
			isa = XCBuildConfiguration;
			buildSettings = {
				ALWAYS_SEARCH_USER_PATHS = NO;
				CLANG_ANALYZER_NONNULL = YES;
				CLANG_ANALYZER_NUMBER_OBJECT_CONVERSION = YES_AGGRESSIVE;
				CLANG_CXX_LANGUAGE_STANDARD = "gnu++20";
				CLANG_ENABLE_MODULES = YES;
				CLANG_ENABLE_OBJC_ARC = YES;
				CLANG_ENABLE_OBJC_WEAK = YES;
				CLANG_WARN_BLOCK_CAPTURE_AUTORELEASING = YES;
				CLANG_WARN_BOOL_CONVERSION = YES;
				CLANG_WARN_COMMA = YES;
				CLANG_WARN_CONSTANT_CONVERSION = YES;
				CLANG_WARN_DEPRECATED_OBJC_IMPLEMENTATIONS = YES;
				CLANG_WARN_DIRECT_OBJC_ISA_USAGE = YES_ERROR;
				CLANG_WARN_DOCUMENTATION_COMMENTS = YES;
				CLANG_WARN_EMPTY_BODY = YES;
				CLANG_WARN_ENUM_CONVERSION = YES;
				CLANG_WARN_INFINITE_RECURSION = YES;
				CLANG_WARN_INT_CONVERSION = YES;
				CLANG_WARN_NON_LITERAL_NULL_CONVERSION = YES;
				CLANG_WARN_OBJC_IMPLICIT_RETAIN_SELF = YES;
				CLANG_WARN_OBJC_LITERAL_CONVERSION = YES;
				CLANG_WARN_OBJC_ROOT_CLASS = YES_ERROR;
				CLANG_WARN_QUOTED_INCLUDE_IN_FRAMEWORK_HEADER = YES;
				CLANG_WARN_RANGE_LOOP_ANALYSIS = YES;
				CLANG_WARN_STRICT_PROTOTYPES = YES;
				CLANG_WARN_SUSPICIOUS_MOVE = YES;
				CLANG_WARN_UNGUARDED_AVAILABILITY = YES_AGGRESSIVE;
				CLANG_WARN_UNREACHABLE_CODE = YES;
				CLANG_WARN__DUPLICATE_METHOD_MATCH = YES;
				COPY_PHASE_STRIP = NO;
				DEBUG_INFORMATION_FORMAT = "dwarf-with-dsym";
				ENABLE_NS_ASSERTIONS = NO;
				ENABLE_STRICT_OBJC_MSGSEND = YES;
				GCC_C_LANGUAGE_STANDARD = gnu11;
				GCC_NO_COMMON_BLOCKS = YES;
				GCC_WARN_64_TO_32_BIT_CONVERSION = YES;
				GCC_WARN_ABOUT_RETURN_TYPE = YES_ERROR;
				GCC_WARN_UNDECLARED_SELECTOR = YES;
				GCC_WARN_UNINITIALIZED_AUTOS = YES_AGGRESSIVE;
				GCC_WARN_UNUSED_FUNCTION = YES;
				GCC_WARN_UNUSED_VARIABLE = YES;
				IPHONEOS_DEPLOYMENT_TARGET = 16.2;
				MTL_ENABLE_DEBUG_INFO = NO;
				MTL_FAST_MATH = YES;
				SDKROOT = iphoneos;
				SWIFT_COMPILATION_MODE = wholemodule;
				SWIFT_OPTIMIZATION_LEVEL = "-O";
				VALIDATE_PRODUCT = YES;
			};
			name = Release;
		};
		4F14680D2A05FB30000D0E68 /* Debug */ = {
			isa = XCBuildConfiguration;
			buildSettings = {
				ASSETCATALOG_COMPILER_APPICON_NAME = AppIcon;
				ASSETCATALOG_COMPILER_GLOBAL_ACCENT_COLOR_NAME = AccentColor;
				CODE_SIGN_STYLE = Automatic;
				CURRENT_PROJECT_VERSION = 1;
				DEVELOPMENT_ASSET_PATHS = "\"MyWorld/Preview Content\"";
				DEVELOPMENT_TEAM = 5VU3Y5998Z;
				ENABLE_PREVIEWS = YES;
				GENERATE_INFOPLIST_FILE = YES;
				INFOPLIST_KEY_UIApplicationSceneManifest_Generation = YES;
				INFOPLIST_KEY_UIApplicationSupportsIndirectInputEvents = YES;
				INFOPLIST_KEY_UILaunchScreen_Generation = YES;
				INFOPLIST_KEY_UISupportedInterfaceOrientations_iPad = "UIInterfaceOrientationPortrait UIInterfaceOrientationPortraitUpsideDown UIInterfaceOrientationLandscapeLeft UIInterfaceOrientationLandscapeRight";
				INFOPLIST_KEY_UISupportedInterfaceOrientations_iPhone = "UIInterfaceOrientationPortrait UIInterfaceOrientationLandscapeLeft UIInterfaceOrientationLandscapeRight";
				LD_RUNPATH_SEARCH_PATHS = (
					"$(inherited)",
					"@executable_path/Frameworks",
				);
				MARKETING_VERSION = 1.0;
				PRODUCT_BUNDLE_IDENTIFIER = com.CuongDD14.MyWorld;
				PRODUCT_NAME = "$(TARGET_NAME)";
				SWIFT_EMIT_LOC_STRINGS = YES;
				SWIFT_VERSION = 5.0;
				TARGETED_DEVICE_FAMILY = "1,2";
			};
			name = Debug;
		};
		4F14680E2A05FB30000D0E68 /* Release */ = {
			isa = XCBuildConfiguration;
			buildSettings = {
				ASSETCATALOG_COMPILER_APPICON_NAME = AppIcon;
				ASSETCATALOG_COMPILER_GLOBAL_ACCENT_COLOR_NAME = AccentColor;
				CODE_SIGN_STYLE = Automatic;
				CURRENT_PROJECT_VERSION = 1;
				DEVELOPMENT_ASSET_PATHS = "\"MyWorld/Preview Content\"";
				DEVELOPMENT_TEAM = 5VU3Y5998Z;
				ENABLE_PREVIEWS = YES;
				GENERATE_INFOPLIST_FILE = YES;
				INFOPLIST_KEY_UIApplicationSceneManifest_Generation = YES;
				INFOPLIST_KEY_UIApplicationSupportsIndirectInputEvents = YES;
				INFOPLIST_KEY_UILaunchScreen_Generation = YES;
				INFOPLIST_KEY_UISupportedInterfaceOrientations_iPad = "UIInterfaceOrientationPortrait UIInterfaceOrientationPortraitUpsideDown UIInterfaceOrientationLandscapeLeft UIInterfaceOrientationLandscapeRight";
				INFOPLIST_KEY_UISupportedInterfaceOrientations_iPhone = "UIInterfaceOrientationPortrait UIInterfaceOrientationLandscapeLeft UIInterfaceOrientationLandscapeRight";
				LD_RUNPATH_SEARCH_PATHS = (
					"$(inherited)",
					"@executable_path/Frameworks",
				);
				MARKETING_VERSION = 1.0;
				PRODUCT_BUNDLE_IDENTIFIER = com.CuongDD14.MyWorld;
				PRODUCT_NAME = "$(TARGET_NAME)";
				SWIFT_EMIT_LOC_STRINGS = YES;
				SWIFT_VERSION = 5.0;
				TARGETED_DEVICE_FAMILY = "1,2";
			};
			name = Release;
		};
/* End XCBuildConfiguration section */

/* Begin XCConfigurationList section */
		4F1467F42A05FB2D000D0E68 /* Build configuration list for PBXProject "MyWorld" */ = {
			isa = XCConfigurationList;
			buildConfigurations = (
				4F14680A2A05FB30000D0E68 /* Debug */,
				4F14680B2A05FB30000D0E68 /* Release */,
			);
			defaultConfigurationIsVisible = 0;
			defaultConfigurationName = Release;
		};
		4F14680C2A05FB30000D0E68 /* Build configuration list for PBXNativeTarget "MyWorld" */ = {
			isa = XCConfigurationList;
			buildConfigurations = (
				4F14680D2A05FB30000D0E68 /* Debug */,
				4F14680E2A05FB30000D0E68 /* Release */,
			);
			defaultConfigurationIsVisible = 0;
			defaultConfigurationName = Release;
		};
/* End XCConfigurationList section */

/* Begin XCRemoteSwiftPackageReference section */
		4F01519E2A109D7E008B0675 /* XCRemoteSwiftPackageReference "firebase-ios-sdk" */ = {
			isa = XCRemoteSwiftPackageReference;
			repositoryURL = "https://github.com/firebase/firebase-ios-sdk";
			requirement = {
				kind = upToNextMajorVersion;
				minimumVersion = 9.0.0;
			};
		};
		4FB354E22A10BD2D009C4E6B /* XCRemoteSwiftPackageReference "GoogleSignIn-iOS" */ = {
			isa = XCRemoteSwiftPackageReference;
			repositoryURL = "https://github.com/google/GoogleSignIn-iOS";
			requirement = {
				kind = upToNextMajorVersion;
				minimumVersion = 7.0.0;
			};
		};
		4FB464512A10B82700BDFBF4 /* XCRemoteSwiftPackageReference "Kingfisher" */ = {
			isa = XCRemoteSwiftPackageReference;
			repositoryURL = "https://github.com/onevcat/Kingfisher.git";
			requirement = {
				kind = upToNextMajorVersion;
				minimumVersion = 7.0.0;
			};
		};
		4FE468342A10A58D009A6991 /* XCRemoteSwiftPackageReference "Runtime" */ = {
			isa = XCRemoteSwiftPackageReference;
			repositoryURL = "https://github.com/wickwirew/Runtime.git";
			requirement = {
				kind = upToNextMajorVersion;
				minimumVersion = 2.0.0;
			};
		};
/* End XCRemoteSwiftPackageReference section */

/* Begin XCSwiftPackageProductDependency section */
		4F01519F2A109D7E008B0675 /* FirebaseAnalytics */ = {
			isa = XCSwiftPackageProductDependency;
			package = 4F01519E2A109D7E008B0675 /* XCRemoteSwiftPackageReference "firebase-ios-sdk" */;
			productName = FirebaseAnalytics;
		};
		4F0151A12A109D7E008B0675 /* FirebaseAnalyticsOnDeviceConversion */ = {
			isa = XCSwiftPackageProductDependency;
			package = 4F01519E2A109D7E008B0675 /* XCRemoteSwiftPackageReference "firebase-ios-sdk" */;
			productName = FirebaseAnalyticsOnDeviceConversion;
		};
		4F0151A32A109D7E008B0675 /* FirebaseAnalyticsSwift */ = {
			isa = XCSwiftPackageProductDependency;
			package = 4F01519E2A109D7E008B0675 /* XCRemoteSwiftPackageReference "firebase-ios-sdk" */;
			productName = FirebaseAnalyticsSwift;
		};
		4F0151A52A109D7E008B0675 /* FirebaseAnalyticsWithoutAdIdSupport */ = {
			isa = XCSwiftPackageProductDependency;
			package = 4F01519E2A109D7E008B0675 /* XCRemoteSwiftPackageReference "firebase-ios-sdk" */;
			productName = FirebaseAnalyticsWithoutAdIdSupport;
		};
		4F0151A72A109D7E008B0675 /* FirebaseAppCheck */ = {
			isa = XCSwiftPackageProductDependency;
			package = 4F01519E2A109D7E008B0675 /* XCRemoteSwiftPackageReference "firebase-ios-sdk" */;
			productName = FirebaseAppCheck;
		};
		4F0151A92A109D7E008B0675 /* FirebaseAppDistribution-Beta */ = {
			isa = XCSwiftPackageProductDependency;
			package = 4F01519E2A109D7E008B0675 /* XCRemoteSwiftPackageReference "firebase-ios-sdk" */;
			productName = "FirebaseAppDistribution-Beta";
		};
		4F0151AB2A109D7E008B0675 /* FirebaseAuth */ = {
			isa = XCSwiftPackageProductDependency;
			package = 4F01519E2A109D7E008B0675 /* XCRemoteSwiftPackageReference "firebase-ios-sdk" */;
			productName = FirebaseAuth;
		};
		4F0151AD2A109D7E008B0675 /* FirebaseAuthCombine-Community */ = {
			isa = XCSwiftPackageProductDependency;
			package = 4F01519E2A109D7E008B0675 /* XCRemoteSwiftPackageReference "firebase-ios-sdk" */;
			productName = "FirebaseAuthCombine-Community";
		};
		4F0151AF2A109D7E008B0675 /* FirebaseCrashlytics */ = {
			isa = XCSwiftPackageProductDependency;
			package = 4F01519E2A109D7E008B0675 /* XCRemoteSwiftPackageReference "firebase-ios-sdk" */;
			productName = FirebaseCrashlytics;
		};
		4F0151B12A109D7E008B0675 /* FirebaseDatabase */ = {
			isa = XCSwiftPackageProductDependency;
			package = 4F01519E2A109D7E008B0675 /* XCRemoteSwiftPackageReference "firebase-ios-sdk" */;
			productName = FirebaseDatabase;
		};
		4F0151B32A109D7E008B0675 /* FirebaseDatabaseSwift */ = {
			isa = XCSwiftPackageProductDependency;
			package = 4F01519E2A109D7E008B0675 /* XCRemoteSwiftPackageReference "firebase-ios-sdk" */;
			productName = FirebaseDatabaseSwift;
		};
		4F0151B52A109D7E008B0675 /* FirebaseDynamicLinks */ = {
			isa = XCSwiftPackageProductDependency;
			package = 4F01519E2A109D7E008B0675 /* XCRemoteSwiftPackageReference "firebase-ios-sdk" */;
			productName = FirebaseDynamicLinks;
		};
		4F0151B72A109D7E008B0675 /* FirebaseFirestore */ = {
			isa = XCSwiftPackageProductDependency;
			package = 4F01519E2A109D7E008B0675 /* XCRemoteSwiftPackageReference "firebase-ios-sdk" */;
			productName = FirebaseFirestore;
		};
		4F0151B92A109D7E008B0675 /* FirebaseFirestoreCombine-Community */ = {
			isa = XCSwiftPackageProductDependency;
			package = 4F01519E2A109D7E008B0675 /* XCRemoteSwiftPackageReference "firebase-ios-sdk" */;
			productName = "FirebaseFirestoreCombine-Community";
		};
		4F0151BB2A109D7E008B0675 /* FirebaseFirestoreSwift */ = {
			isa = XCSwiftPackageProductDependency;
			package = 4F01519E2A109D7E008B0675 /* XCRemoteSwiftPackageReference "firebase-ios-sdk" */;
			productName = FirebaseFirestoreSwift;
		};
		4F0151BD2A109D7E008B0675 /* FirebaseFunctions */ = {
			isa = XCSwiftPackageProductDependency;
			package = 4F01519E2A109D7E008B0675 /* XCRemoteSwiftPackageReference "firebase-ios-sdk" */;
			productName = FirebaseFunctions;
		};
		4F0151BF2A109D7E008B0675 /* FirebaseFunctionsCombine-Community */ = {
			isa = XCSwiftPackageProductDependency;
			package = 4F01519E2A109D7E008B0675 /* XCRemoteSwiftPackageReference "firebase-ios-sdk" */;
			productName = "FirebaseFunctionsCombine-Community";
		};
		4F0151C12A109D7E008B0675 /* FirebaseInAppMessaging-Beta */ = {
			isa = XCSwiftPackageProductDependency;
			package = 4F01519E2A109D7E008B0675 /* XCRemoteSwiftPackageReference "firebase-ios-sdk" */;
			productName = "FirebaseInAppMessaging-Beta";
		};
		4F0151C32A109D7E008B0675 /* FirebaseInAppMessagingSwift-Beta */ = {
			isa = XCSwiftPackageProductDependency;
			package = 4F01519E2A109D7E008B0675 /* XCRemoteSwiftPackageReference "firebase-ios-sdk" */;
			productName = "FirebaseInAppMessagingSwift-Beta";
		};
		4F0151C52A109D7E008B0675 /* FirebaseInstallations */ = {
			isa = XCSwiftPackageProductDependency;
			package = 4F01519E2A109D7E008B0675 /* XCRemoteSwiftPackageReference "firebase-ios-sdk" */;
			productName = FirebaseInstallations;
		};
		4F0151C72A109D7E008B0675 /* FirebaseMLModelDownloader */ = {
			isa = XCSwiftPackageProductDependency;
			package = 4F01519E2A109D7E008B0675 /* XCRemoteSwiftPackageReference "firebase-ios-sdk" */;
			productName = FirebaseMLModelDownloader;
		};
		4F0151C92A109D7E008B0675 /* FirebaseMessaging */ = {
			isa = XCSwiftPackageProductDependency;
			package = 4F01519E2A109D7E008B0675 /* XCRemoteSwiftPackageReference "firebase-ios-sdk" */;
			productName = FirebaseMessaging;
		};
		4F0151CB2A109D7E008B0675 /* FirebasePerformance */ = {
			isa = XCSwiftPackageProductDependency;
			package = 4F01519E2A109D7E008B0675 /* XCRemoteSwiftPackageReference "firebase-ios-sdk" */;
			productName = FirebasePerformance;
		};
		4F0151CD2A109D7E008B0675 /* FirebaseRemoteConfig */ = {
			isa = XCSwiftPackageProductDependency;
			package = 4F01519E2A109D7E008B0675 /* XCRemoteSwiftPackageReference "firebase-ios-sdk" */;
			productName = FirebaseRemoteConfig;
		};
		4F0151CF2A109D7E008B0675 /* FirebaseRemoteConfigSwift */ = {
			isa = XCSwiftPackageProductDependency;
			package = 4F01519E2A109D7E008B0675 /* XCRemoteSwiftPackageReference "firebase-ios-sdk" */;
			productName = FirebaseRemoteConfigSwift;
		};
		4F0151D12A109D7E008B0675 /* FirebaseStorage */ = {
			isa = XCSwiftPackageProductDependency;
			package = 4F01519E2A109D7E008B0675 /* XCRemoteSwiftPackageReference "firebase-ios-sdk" */;
			productName = FirebaseStorage;
		};
		4F0151D32A109D7E008B0675 /* FirebaseStorageCombine-Community */ = {
			isa = XCSwiftPackageProductDependency;
			package = 4F01519E2A109D7E008B0675 /* XCRemoteSwiftPackageReference "firebase-ios-sdk" */;
			productName = "FirebaseStorageCombine-Community";
		};
		4FB354E32A10BD2D009C4E6B /* GoogleSignIn */ = {
			isa = XCSwiftPackageProductDependency;
			package = 4FB354E22A10BD2D009C4E6B /* XCRemoteSwiftPackageReference "GoogleSignIn-iOS" */;
			productName = GoogleSignIn;
		};
		4FB354E52A10BD2D009C4E6B /* GoogleSignInSwift */ = {
			isa = XCSwiftPackageProductDependency;
			package = 4FB354E22A10BD2D009C4E6B /* XCRemoteSwiftPackageReference "GoogleSignIn-iOS" */;
			productName = GoogleSignInSwift;
		};
		4FB464522A10B82700BDFBF4 /* Kingfisher */ = {
			isa = XCSwiftPackageProductDependency;
			package = 4FB464512A10B82700BDFBF4 /* XCRemoteSwiftPackageReference "Kingfisher" */;
			productName = Kingfisher;
		};
		4FE468352A10A58D009A6991 /* Runtime */ = {
			isa = XCSwiftPackageProductDependency;
			package = 4FE468342A10A58D009A6991 /* XCRemoteSwiftPackageReference "Runtime" */;
			productName = Runtime;
		};
/* End XCSwiftPackageProductDependency section */

/* Begin XCVersionGroup section */
		4F1468072A05FB30000D0E68 /* MyWorld.xcdatamodeld */ = {
			isa = XCVersionGroup;
			children = (
				4F1468082A05FB30000D0E68 /* MyWorld.xcdatamodel */,
			);
			currentVersion = 4F1468082A05FB30000D0E68 /* MyWorld.xcdatamodel */;
			path = MyWorld.xcdatamodeld;
			sourceTree = "<group>";
			versionGroupType = wrapper.xcdatamodel;
		};
/* End XCVersionGroup section */
	};
	rootObject = 4F1467F12A05FB2D000D0E68 /* Project object */;
}
